
Microsoft Visual Studio Solution File, Format Version 12.00
# Visual Studio Version 17
VisualStudioVersion = 17.0.31903.59
MinimumVisualStudioVersion = 10.0.40219.1
Project("{2150E333-8FDC-42A3-9474-1A3956D46DE8}") = "Solution Items", "Solution Items", "{A474C90C-B7FC-4E48-828D-C671B56E3E02}"
	ProjectSection(SolutionItems) = preProject
		.editorconfig = .editorconfig
		.env = .env
		.env.template = .env.template
		.gitattributes = .gitattributes
		.gitignore = .gitignore
		docker-compose-balancer.yml = docker-compose-balancer.yml
		docker-compose-infra.yml = docker-compose-infra.yml
		docker-compose.yml = docker-compose.yml
		dotnet-tools.json = dotnet-tools.json
		LICENSE = LICENSE
		README.md = README.md
	EndProjectSection
EndProject
Project("{9A19103F-16F7-4668-BE54-9A1E7A4F7556}") = "AutenticazioneSvc", "src\AutenticazioneSvc\AutenticazioneSvc\AutenticazioneSvc.csproj", "{6FA32ADF-6D83-44D7-A0DF-7E7344CF320D}"
EndProject
Project("{2150E333-8FDC-42A3-9474-1A3956D46DE8}") = "src", "src", "{225EE706-A736-4A08-8DAB-F25AED22EDB9}"
EndProject
Project("{2150E333-8FDC-42A3-9474-1A3956D46DE8}") = "AutenticazioneSvc", "AutenticazioneSvc", "{EC11525E-791D-489C-94CA-C2373CE2540B}"
EndProject
Project("{9A19103F-16F7-4668-BE54-9A1E7A4F7556}") = "AutenticazioneSvc.BusinessLayer", "src\AutenticazioneSvc\AutenticazioneSvc.BusinessLayer\AutenticazioneSvc.BusinessLayer.csproj", "{8D8A4052-2EAF-423F-8AA9-68A987E05AB1}"
EndProject
Project("{9A19103F-16F7-4668-BE54-9A1E7A4F7556}") = "AutenticazioneSvc.DataAccessLayer", "src\AutenticazioneSvc\AutenticazioneSvc.DataAccessLayer\AutenticazioneSvc.DataAccessLayer.csproj", "{51196477-CC7A-4618-BA79-8043D712EFD1}"
EndProject
Project("{9A19103F-16F7-4668-BE54-9A1E7A4F7556}") = "AutenticazioneSvc.LoadBalancer", "src\AutenticazioneSvc\AutenticazioneSvc.LoadBalancer\AutenticazioneSvc.LoadBalancer.csproj", "{E90AB4BA-BE30-468C-A1BC-6E82E9ED58E8}"
EndProject
Project("{9A19103F-16F7-4668-BE54-9A1E7A4F7556}") = "AutenticazioneSvc.Migrations", "src\AutenticazioneSvc\AutenticazioneSvc.Migrations\AutenticazioneSvc.Migrations.csproj", "{21419D11-3C0B-411D-B02C-6EA2F5692E12}"
EndProject
Project("{9A19103F-16F7-4668-BE54-9A1E7A4F7556}") = "AutenticazioneSvc.Shared", "src\AutenticazioneSvc\AutenticazioneSvc.Shared\AutenticazioneSvc.Shared.csproj", "{7E03F77F-CE11-4CE4-9422-187982D6686E}"
EndProject
Project("{2150E333-8FDC-42A3-9474-1A3956D46DE8}") = "CategorieSvc", "CategorieSvc", "{51791CEA-909A-4AA9-957B-47057838BA9F}"
EndProject
Project("{9A19103F-16F7-4668-BE54-9A1E7A4F7556}") = "CategorieSvc", "src\CategorieSvc\CategorieSvc\CategorieSvc.csproj", "{DAE73974-5048-4B99-A657-E4E6D16F1C30}"
EndProject
Project("{2150E333-8FDC-42A3-9474-1A3956D46DE8}") = "GestioneLoghiSvc", "GestioneLoghiSvc", "{6074E8F2-BCAA-4AA9-9B79-9DAB7916C7A4}"
EndProject
Project("{9A19103F-16F7-4668-BE54-9A1E7A4F7556}") = "GestioneLoghiSvc", "src\GestioneLoghiSvc\GestioneLoghiSvc\GestioneLoghiSvc.csproj", "{2ADE4937-F567-4430-96CA-D187642D5971}"
EndProject
Project("{2150E333-8FDC-42A3-9474-1A3956D46DE8}") = "InvioEmailSvc", "InvioEmailSvc", "{3CBEA4D0-0E0C-4D4B-92F2-D715C7D55461}"
EndProject
Project("{9A19103F-16F7-4668-BE54-9A1E7A4F7556}") = "InvioEmailSvc", "src\InvioEmailSvc\InvioEmailSvc\InvioEmailSvc.csproj", "{8D5E775D-1262-460B-BA34-9F2D89225A2D}"
EndProject
Project("{2150E333-8FDC-42A3-9474-1A3956D46DE8}") = "MenuSvc", "MenuSvc", "{6EF7A442-17F3-4241-B773-44226AEEBF62}"
EndProject
Project("{9A19103F-16F7-4668-BE54-9A1E7A4F7556}") = "MenuSvc", "src\MenuSvc\MenuSvc\MenuSvc.csproj", "{AFE91990-6AC9-4E17-B032-B2B2059931ED}"
EndProject
Project("{2150E333-8FDC-42A3-9474-1A3956D46DE8}") = "MovimentiCassaSvc", "MovimentiCassaSvc", "{D37D109A-EF20-45D7-B7F9-FAB27EDD1921}"
EndProject
Project("{9A19103F-16F7-4668-BE54-9A1E7A4F7556}") = "MovimentiCassaSvc", "src\MovimentiCassaSvc\MovimentiCassaSvc\MovimentiCassaSvc.csproj", "{E6BD2396-6C67-49B1-BC45-64BFFF082523}"
EndProject
Project("{2150E333-8FDC-42A3-9474-1A3956D46DE8}") = "OperazioniAvvioSvc", "OperazioniAvvioSvc", "{7BF534CA-D4C2-418D-9790-1F0777A67360}"
EndProject
Project("{9A19103F-16F7-4668-BE54-9A1E7A4F7556}") = "OperazioniAvvioSvc", "src\OperazioniAvvioSvc\OperazioniAvvioSvc\OperazioniAvvioSvc.csproj", "{78A4BF72-D704-4920-BD82-052A439B9BFB}"
EndProject
Project("{2150E333-8FDC-42A3-9474-1A3956D46DE8}") = "PrenotazioniSvc", "PrenotazioniSvc", "{B400160A-A1BD-4594-8654-E971108C5AD1}"
EndProject
Project("{9A19103F-16F7-4668-BE54-9A1E7A4F7556}") = "PrenotazioniSvc", "src\PrenotazioniSvc\PrenotazioniSvc\PrenotazioniSvc.csproj", "{55A9038F-1EF7-4EFF-9D3A-19D6E1C21F92}"
EndProject
Project("{2150E333-8FDC-42A3-9474-1A3956D46DE8}") = "ProdottiSvc", "ProdottiSvc", "{B3ABE6DF-C08B-43F2-94FA-C1E301762FE3}"
EndProject
Project("{9A19103F-16F7-4668-BE54-9A1E7A4F7556}") = "ProdottiSvc", "src\ProdottiSvc\ProdottiSvc\ProdottiSvc.csproj", "{8941F420-AC38-46D6-BE42-4542668B101A}"
EndProject
Project("{2150E333-8FDC-42A3-9474-1A3956D46DE8}") = "ScontriniSvc", "ScontriniSvc", "{CBA4E2CE-9E2F-4F8A-98CD-E61FA5D19B19}"
EndProject
Project("{9A19103F-16F7-4668-BE54-9A1E7A4F7556}") = "ScontriniSvc", "src\ScontriniSvc\ScontriniSvc\ScontriniSvc.csproj", "{929C4BA2-1D04-455B-93E7-B1A07A4517E7}"
EndProject
Project("{2150E333-8FDC-42A3-9474-1A3956D46DE8}") = "StampeSvc", "StampeSvc", "{A6708E75-D6D2-4240-9383-CB4CE9B47557}"
EndProject
Project("{9A19103F-16F7-4668-BE54-9A1E7A4F7556}") = "StampeSvc", "src\StampeSvc\StampeSvc\StampeSvc.csproj", "{86D92046-E7F7-4CE7-91E6-1C8901024FA4}"
EndProject
Project("{2150E333-8FDC-42A3-9474-1A3956D46DE8}") = "StatisticheSvc", "StatisticheSvc", "{273F2D2F-D8A6-457B-BD08-0F05C3593822}"
EndProject
Project("{9A19103F-16F7-4668-BE54-9A1E7A4F7556}") = "StatisticheSvc", "src\StatisticheSvc\StatisticheSvc\StatisticheSvc.csproj", "{2461A3CB-D14E-4DDA-8635-F43CF97108C8}"
EndProject
Project("{9A19103F-16F7-4668-BE54-9A1E7A4F7556}") = "CategorieSvc.BusinessLayer", "src\CategorieSvc\CategorieSvc.BusinessLayer\CategorieSvc.BusinessLayer.csproj", "{4B50A20A-357E-42EA-B929-4D41CF78DB86}"
EndProject
Project("{9A19103F-16F7-4668-BE54-9A1E7A4F7556}") = "CategorieSvc.DataAccessLayer", "src\CategorieSvc\CategorieSvc.DataAccessLayer\CategorieSvc.DataAccessLayer.csproj", "{CC83E93F-B176-4874-B7DA-82EB48516C40}"
EndProject
Project("{9A19103F-16F7-4668-BE54-9A1E7A4F7556}") = "CategorieSvc.LoadBalancer", "src\CategorieSvc\CategorieSvc.LoadBalancer\CategorieSvc.LoadBalancer.csproj", "{E9905A1E-AED1-4E83-BF3A-826DC648C75B}"
EndProject
Project("{9A19103F-16F7-4668-BE54-9A1E7A4F7556}") = "CategorieSvc.Migrations", "src\CategorieSvc\CategorieSvc.Migrations\CategorieSvc.Migrations.csproj", "{20D5E1F8-5294-485F-A017-A87E7C38B88F}"
EndProject
Project("{9A19103F-16F7-4668-BE54-9A1E7A4F7556}") = "CategorieSvc.Shared", "src\CategorieSvc\CategorieSvc.Shared\CategorieSvc.Shared.csproj", "{67CAADB4-E8D7-431E-9465-9BFD4ABEA677}"
EndProject
Project("{9A19103F-16F7-4668-BE54-9A1E7A4F7556}") = "GestioneLoghiSvc.BusinessLayer", "src\GestioneLoghiSvc\GestioneLoghiSvc.BusinessLayer\GestioneLoghiSvc.BusinessLayer.csproj", "{E7000F40-4F5B-4788-83BC-2184CF932418}"
EndProject
Project("{9A19103F-16F7-4668-BE54-9A1E7A4F7556}") = "GestioneLoghiSvc.DataAccessLayer", "src\GestioneLoghiSvc\GestioneLoghiSvc.DataAccessLayer\GestioneLoghiSvc.DataAccessLayer.csproj", "{EC780253-57FA-4E3E-9A83-1DA289D9BCEA}"
EndProject
Project("{9A19103F-16F7-4668-BE54-9A1E7A4F7556}") = "GestioneLoghiSvc.LoadBalancer", "src\GestioneLoghiSvc\GestioneLoghiSvc.LoadBalancer\GestioneLoghiSvc.LoadBalancer.csproj", "{35138CDB-ACC1-42DB-9654-25B50E70A057}"
EndProject
Project("{9A19103F-16F7-4668-BE54-9A1E7A4F7556}") = "GestioneLoghiSvc.Migrations", "src\GestioneLoghiSvc\GestioneLoghiSvc.Migrations\GestioneLoghiSvc.Migrations.csproj", "{BEE0F121-A5FC-43D9-9B35-D307147AD332}"
EndProject
Project("{9A19103F-16F7-4668-BE54-9A1E7A4F7556}") = "GestioneLoghiSvc.Shared", "src\GestioneLoghiSvc\GestioneLoghiSvc.Shared\GestioneLoghiSvc.Shared.csproj", "{0159530A-9708-40A4-B1A1-3CCF55552F8C}"
EndProject
Project("{9A19103F-16F7-4668-BE54-9A1E7A4F7556}") = "InvioEmailSvc.BusinessLayer", "src\InvioEmailSvc\InvioEmailSvc.BusinessLayer\InvioEmailSvc.BusinessLayer.csproj", "{1CEE68DF-0A80-43DB-95A0-FB0A1BE1C785}"
EndProject
Project("{9A19103F-16F7-4668-BE54-9A1E7A4F7556}") = "InvioEmailSvc.DataAccessLayer", "src\InvioEmailSvc\InvioEmailSvc.DataAccessLayer\InvioEmailSvc.DataAccessLayer.csproj", "{92108056-C6E6-4169-A228-EDAEDB3F970A}"
EndProject
Project("{9A19103F-16F7-4668-BE54-9A1E7A4F7556}") = "InvioEmailSvc.LoadBalancer", "src\InvioEmailSvc\InvioEmailSvc.LoadBalancer\InvioEmailSvc.LoadBalancer.csproj", "{3DF802DF-1CCC-4546-BFB3-AF343902F0AC}"
EndProject
Project("{9A19103F-16F7-4668-BE54-9A1E7A4F7556}") = "InvioEmailSvc.Migrations", "src\InvioEmailSvc\InvioEmailSvc.Migrations\InvioEmailSvc.Migrations.csproj", "{C0BED57C-93DC-45FF-B8F6-556E7C54F712}"
EndProject
Project("{9A19103F-16F7-4668-BE54-9A1E7A4F7556}") = "InvioEmailSvc.Shared", "src\InvioEmailSvc\InvioEmailSvc.Shared\InvioEmailSvc.Shared.csproj", "{2DD5FC6F-37A1-4722-949E-1DCBAD88E2A5}"
EndProject
Project("{9A19103F-16F7-4668-BE54-9A1E7A4F7556}") = "MenuSvc.BusinessLayer", "src\MenuSvc\MenuSvc.BusinessLayer\MenuSvc.BusinessLayer.csproj", "{87E96113-4BCD-4BDC-B8EF-892A0774EA82}"
EndProject
Project("{9A19103F-16F7-4668-BE54-9A1E7A4F7556}") = "MenuSvc.DataAccessLayer", "src\MenuSvc\MenuSvc.DataAccessLayer\MenuSvc.DataAccessLayer.csproj", "{017E05FE-BAC1-4F07-A163-0C8FF6810549}"
EndProject
Project("{9A19103F-16F7-4668-BE54-9A1E7A4F7556}") = "MenuSvc.LoadBalancer", "src\MenuSvc\MenuSvc.LoadBalancer\MenuSvc.LoadBalancer.csproj", "{A9C34959-3193-4436-AB03-4928473DD6CB}"
EndProject
Project("{9A19103F-16F7-4668-BE54-9A1E7A4F7556}") = "MenuSvc.Migrations", "src\MenuSvc\MenuSvc.Migrations\MenuSvc.Migrations.csproj", "{B53D7642-6BF6-4D4B-9B7A-E4B3F41DBE13}"
EndProject
Project("{9A19103F-16F7-4668-BE54-9A1E7A4F7556}") = "MenuSvc.Shared", "src\MenuSvc\MenuSvc.Shared\MenuSvc.Shared.csproj", "{9CA5A3E4-7BAE-4566-8B15-F6D2D5938333}"
EndProject
Project("{9A19103F-16F7-4668-BE54-9A1E7A4F7556}") = "MovimentiCassaSvc.BusinessLayer", "src\MovimentiCassaSvc\MovimentiCassaSvc.BusinessLayer\MovimentiCassaSvc.BusinessLayer.csproj", "{52BFAF05-EB81-4A22-AE7C-3BA2FA676F77}"
EndProject
Project("{9A19103F-16F7-4668-BE54-9A1E7A4F7556}") = "MovimentiCassaSvc.DataAccessLayer", "src\MovimentiCassaSvc\MovimentiCassaSvc.DataAccessLayer\MovimentiCassaSvc.DataAccessLayer.csproj", "{D071544A-B529-4C2B-86F5-3A041EEBDDC2}"
EndProject
Project("{9A19103F-16F7-4668-BE54-9A1E7A4F7556}") = "MovimentiCassaSvc.LoadBalancer", "src\MovimentiCassaSvc\MovimentiCassaSvc.LoadBalancer\MovimentiCassaSvc.LoadBalancer.csproj", "{F6B00B44-72D3-4AF6-AD14-3B004CAEA466}"
EndProject
Project("{9A19103F-16F7-4668-BE54-9A1E7A4F7556}") = "MovimentiCassaSvc.Migrations", "src\MovimentiCassaSvc\MovimentiCassaSvc.Migrations\MovimentiCassaSvc.Migrations.csproj", "{41430D60-803D-47DF-B053-4A2FFD411F62}"
EndProject
Project("{9A19103F-16F7-4668-BE54-9A1E7A4F7556}") = "MovimentiCassaSvc.Shared", "src\MovimentiCassaSvc\MovimentiCassaSvc.Shared\MovimentiCassaSvc.Shared.csproj", "{50D10D2C-391B-4561-B54F-FC0A96B3DFE2}"
EndProject
Project("{9A19103F-16F7-4668-BE54-9A1E7A4F7556}") = "OperazioniAvvioSvc.BusinessLayer", "src\OperazioniAvvioSvc\OperazioniAvvioSvc.BusinessLayer\OperazioniAvvioSvc.BusinessLayer.csproj", "{B26407C7-8B82-4D82-B057-423385746ACA}"
EndProject
Project("{9A19103F-16F7-4668-BE54-9A1E7A4F7556}") = "OperazioniAvvioSvc.DataAccessLayer", "src\OperazioniAvvioSvc\OperazioniAvvioSvc.DataAccessLayer\OperazioniAvvioSvc.DataAccessLayer.csproj", "{9111F35A-9D54-4AC4-A928-C238A640944F}"
EndProject
Project("{9A19103F-16F7-4668-BE54-9A1E7A4F7556}") = "OperazioniAvvioSvc.LoadBalancer", "src\OperazioniAvvioSvc\OperazioniAvvioSvc.LoadBalancer\OperazioniAvvioSvc.LoadBalancer.csproj", "{1A6C8E67-E73D-448B-A50C-637FF4355E5E}"
EndProject
Project("{9A19103F-16F7-4668-BE54-9A1E7A4F7556}") = "OperazioniAvvioSvc.Migrations", "src\OperazioniAvvioSvc\OperazioniAvvioSvc.Migrations\OperazioniAvvioSvc.Migrations.csproj", "{FF71EF3C-029D-4D8A-83F8-57853753EC37}"
EndProject
Project("{9A19103F-16F7-4668-BE54-9A1E7A4F7556}") = "OperazioniAvvioSvc.Shared", "src\OperazioniAvvioSvc\OperazioniAvvioSvc.Shared\OperazioniAvvioSvc.Shared.csproj", "{DEE868A9-0B2C-4AA8-8A9D-BA29A528F623}"
EndProject
Project("{9A19103F-16F7-4668-BE54-9A1E7A4F7556}") = "PrenotazioniSvc.BusinessLayer", "src\PrenotazioniSvc\PrenotazioniSvc.BusinessLayer\PrenotazioniSvc.BusinessLayer.csproj", "{57A3AC6B-BDBC-4D48-861E-87B71DE18E02}"
EndProject
Project("{9A19103F-16F7-4668-BE54-9A1E7A4F7556}") = "PrenotazioniSvc.DataAccessLayer", "src\PrenotazioniSvc\PrenotazioniSvc.DataAccessLayer\PrenotazioniSvc.DataAccessLayer.csproj", "{C27609F1-E1F9-4522-B5EB-50DF71BBAA22}"
EndProject
Project("{9A19103F-16F7-4668-BE54-9A1E7A4F7556}") = "PrenotazioniSvc.LoadBalancer", "src\PrenotazioniSvc\PrenotazioniSvc.LoadBalancer\PrenotazioniSvc.LoadBalancer.csproj", "{973189FE-6CD6-4F67-ADF9-E53D15627B71}"
EndProject
Project("{9A19103F-16F7-4668-BE54-9A1E7A4F7556}") = "PrenotazioniSvc.Migrations", "src\PrenotazioniSvc\PrenotazioniSvc.Migrations\PrenotazioniSvc.Migrations.csproj", "{0638D06A-5D0D-43EA-9693-3415A713ABDE}"
EndProject
Project("{9A19103F-16F7-4668-BE54-9A1E7A4F7556}") = "PrenotazioniSvc.Shared", "src\PrenotazioniSvc\PrenotazioniSvc.Shared\PrenotazioniSvc.Shared.csproj", "{6ACCE0F0-EE29-4C55-A5C3-1639199EBDC3}"
EndProject
Project("{9A19103F-16F7-4668-BE54-9A1E7A4F7556}") = "ProdottiSvc.BusinessLayer", "src\ProdottiSvc\ProdottiSvc.BusinessLayer\ProdottiSvc.BusinessLayer.csproj", "{7A7DC6D2-2FDD-4BDE-9699-E6B10BF58C56}"
EndProject
Project("{9A19103F-16F7-4668-BE54-9A1E7A4F7556}") = "ProdottiSvc.DataAccessLayer", "src\ProdottiSvc\ProdottiSvc.DataAccessLayer\ProdottiSvc.DataAccessLayer.csproj", "{2DFC1FF3-5EF8-44C8-B1ED-2734A4AA25EF}"
EndProject
Project("{9A19103F-16F7-4668-BE54-9A1E7A4F7556}") = "ProdottiSvc.LoadBalancer", "src\ProdottiSvc\ProdottiSvc.LoadBalancer\ProdottiSvc.LoadBalancer.csproj", "{46F181AB-9754-4596-983B-963AE5D0A36E}"
EndProject
Project("{9A19103F-16F7-4668-BE54-9A1E7A4F7556}") = "ProdottiSvc.Migrations", "src\ProdottiSvc\ProdottiSvc.Migrations\ProdottiSvc.Migrations.csproj", "{7BEADBFD-CA02-474A-8EDC-9FBA0C27A72A}"
EndProject
Project("{9A19103F-16F7-4668-BE54-9A1E7A4F7556}") = "ProdottiSvc.Shared", "src\ProdottiSvc\ProdottiSvc.Shared\ProdottiSvc.Shared.csproj", "{B2680B55-14D7-40DE-93C2-CF289FD3AC10}"
EndProject
Project("{9A19103F-16F7-4668-BE54-9A1E7A4F7556}") = "ScontriniSvc.BusinessLayer", "src\ScontriniSvc\ScontriniSvc.BusinessLayer\ScontriniSvc.BusinessLayer.csproj", "{2B6BD3F2-3E8E-49BE-AC23-8B74684D1BC9}"
EndProject
Project("{9A19103F-16F7-4668-BE54-9A1E7A4F7556}") = "ScontriniSvc.DataAccessLayer", "src\ScontriniSvc\ScontriniSvc.DataAccessLayer\ScontriniSvc.DataAccessLayer.csproj", "{115840A1-BBD3-4553-9195-E63B6612645C}"
EndProject
Project("{9A19103F-16F7-4668-BE54-9A1E7A4F7556}") = "ScontriniSvc.LoadBalancer", "src\ScontriniSvc\ScontriniSvc.LoadBalancer\ScontriniSvc.LoadBalancer.csproj", "{DF65DE2D-3A12-4211-99EC-653C84373023}"
EndProject
Project("{9A19103F-16F7-4668-BE54-9A1E7A4F7556}") = "ScontriniSvc.Migrations", "src\ScontriniSvc\ScontriniSvc.Migrations\ScontriniSvc.Migrations.csproj", "{63F62229-3ED8-4E2B-BA56-D0555D473B2B}"
EndProject
Project("{9A19103F-16F7-4668-BE54-9A1E7A4F7556}") = "ScontriniSvc.Shared", "src\ScontriniSvc\ScontriniSvc.Shared\ScontriniSvc.Shared.csproj", "{CD59CD1E-C464-4789-8574-66ADC92AF7AC}"
EndProject
Project("{9A19103F-16F7-4668-BE54-9A1E7A4F7556}") = "StampeSvc.BusinessLayer", "src\StampeSvc\StampeSvc.BusinessLayer\StampeSvc.BusinessLayer.csproj", "{9806D9EA-72D0-4E35-9B77-92EF995FB569}"
EndProject
Project("{9A19103F-16F7-4668-BE54-9A1E7A4F7556}") = "StampeSvc.DataAccessLayer", "src\StampeSvc\StampeSvc.DataAccessLayer\StampeSvc.DataAccessLayer.csproj", "{8255EA7F-92FB-44E3-B143-F31DECE7771D}"
EndProject
Project("{9A19103F-16F7-4668-BE54-9A1E7A4F7556}") = "StampeSvc.LoadBalancer", "src\StampeSvc\StampeSvc.LoadBalancer\StampeSvc.LoadBalancer.csproj", "{74661F32-BA29-44D3-B1CC-AB51E2DFC8B5}"
EndProject
Project("{9A19103F-16F7-4668-BE54-9A1E7A4F7556}") = "StampeSvc.Migrations", "src\StampeSvc\StampeSvc.Migrations\StampeSvc.Migrations.csproj", "{DC7909A3-F790-49AE-BF6F-81B8C5844E7A}"
EndProject
Project("{9A19103F-16F7-4668-BE54-9A1E7A4F7556}") = "StampeSvc.Shared", "src\StampeSvc\StampeSvc.Shared\StampeSvc.Shared.csproj", "{80B925B3-E4E2-4BFF-A30E-90BA49247DBB}"
EndProject
Project("{9A19103F-16F7-4668-BE54-9A1E7A4F7556}") = "StatisticheSvc.BusinessLayer", "src\StatisticheSvc\StatisticheSvc.BusinessLayer\StatisticheSvc.BusinessLayer.csproj", "{A3227FBB-A11B-4E36-B47C-E6FF414AC20C}"
EndProject
Project("{9A19103F-16F7-4668-BE54-9A1E7A4F7556}") = "StatisticheSvc.DataAccessLayer", "src\StatisticheSvc\StatisticheSvc.DataAccessLayer\StatisticheSvc.DataAccessLayer.csproj", "{656D8C56-7DA4-48E8-BC6C-1C45DE54C3D2}"
EndProject
Project("{9A19103F-16F7-4668-BE54-9A1E7A4F7556}") = "StatisticheSvc.LoadBalancer", "src\StatisticheSvc\StatisticheSvc.LoadBalancer\StatisticheSvc.LoadBalancer.csproj", "{37776D8F-63CF-4B65-B9E9-067091480C4F}"
EndProject
Project("{9A19103F-16F7-4668-BE54-9A1E7A4F7556}") = "StatisticheSvc.Migrations", "src\StatisticheSvc\StatisticheSvc.Migrations\StatisticheSvc.Migrations.csproj", "{F7D4E2F1-DD97-4AB8-AD84-B7D9230E1930}"
EndProject
Project("{9A19103F-16F7-4668-BE54-9A1E7A4F7556}") = "StatisticheSvc.Shared", "src\StatisticheSvc\StatisticheSvc.Shared\StatisticheSvc.Shared.csproj", "{070D274D-806D-4BDF-8743-DF034D459022}"
EndProject
Project("{2150E333-8FDC-42A3-9474-1A3956D46DE8}") = "GatewaySvc", "GatewaySvc", "{C6117C90-573B-48C9-9480-51B522519AE6}"
EndProject
Project("{9A19103F-16F7-4668-BE54-9A1E7A4F7556}") = "GSWCloudApp", "src\GSWCloudApp\GSWCloudApp.csproj", "{E348C67B-E8AC-4D14-AB16-5E9F1926690B}"
EndProject
Project("{9A19103F-16F7-4668-BE54-9A1E7A4F7556}") = "GSWCloudApp.UI", "src\GSWCloudApp.UI\GSWCloudApp.UI.csproj", "{A90A1C5B-B7E4-4548-927D-F720986379CC}"
EndProject
Project("{9A19103F-16F7-4668-BE54-9A1E7A4F7556}") = "GSWCloudApp.Shared", "src\GSWCloudApp.Shared\GSWCloudApp.Shared.csproj", "{BCAAAFB6-7E06-44A6-B9C3-2D6CF70EC282}"
EndProject
Project("{9A19103F-16F7-4668-BE54-9A1E7A4F7556}") = "GatewaySvc", "src\GatewaySvc\GatewaySvc\GatewaySvc.csproj", "{9A30D32F-6272-4AD7-A16E-1A8A0585EEE0}"
EndProject
Project("{9A19103F-16F7-4668-BE54-9A1E7A4F7556}") = "GSWCloudApp.Service", "src\GSWCloudApp.Service\GSWCloudApp.Service.csproj", "{3444B8CB-9C3A-418A-B92B-24D9C4D0D420}"
EndProject
Project("{9A19103F-16F7-4668-BE54-9A1E7A4F7556}") = "GSWCloudApp.Common", "src\GSWCloudApp.Common\GSWCloudApp.Common.csproj", "{9CFF0C06-F1C2-4993-80F9-5981771A040C}"
EndProject
Project("{2150E333-8FDC-42A3-9474-1A3956D46DE8}") = "GestioneDocumentiSvc", "GestioneDocumentiSvc", "{72E3BD74-BEB1-47A9-ACA7-EFD246A36698}"
EndProject
Project("{FAE04EC0-301F-11D3-BF4B-00C04F79EFBC}") = "GestioneDocumentiSvc", "src\GestioneDocumentiSvc\GestioneDocumentiSvc\GestioneDocumentiSvc.csproj", "{D5329E7F-9867-4824-811D-32AD1B332CF0}"
EndProject
Project("{FAE04EC0-301F-11D3-BF4B-00C04F79EFBC}") = "GestioneDocumentiSvc.BusinessLayer", "src\GestioneDocumentiSvc\GestioneDocumentiSvc.BusinessLayer\GestioneDocumentiSvc.BusinessLayer.csproj", "{A419B6B9-F8F1-4631-81D3-8F955B9EFC84}"
EndProject
Project("{FAE04EC0-301F-11D3-BF4B-00C04F79EFBC}") = "GestioneDocumentiSvc.DataAccessLayer", "src\GestioneDocumentiSvc\GestioneDocumentiSvc.DataAccessLayer\GestioneDocumentiSvc.DataAccessLayer.csproj", "{BEF76261-9423-4AC7-9952-B81A4550555D}"
EndProject
Project("{FAE04EC0-301F-11D3-BF4B-00C04F79EFBC}") = "GestioneDocumentiSvc.LoadBalancer", "src\GestioneDocumentiSvc\GestioneDocumentiSvc.LoadBalancer\GestioneDocumentiSvc.LoadBalancer.csproj", "{438CD725-7A75-4EFD-90BD-A016D5647B27}"
EndProject
Project("{FAE04EC0-301F-11D3-BF4B-00C04F79EFBC}") = "GestioneDocumentiSvc.Migrations", "src\GestioneDocumentiSvc\GestioneDocumentiSvc.Migrations\GestioneDocumentiSvc.Migrations.csproj", "{B54BFE9B-BA84-4BB0-BE18-B7A41BF81763}"
EndProject
Project("{FAE04EC0-301F-11D3-BF4B-00C04F79EFBC}") = "GestioneDocumentiSvc.Shared", "src\GestioneDocumentiSvc\GestioneDocumentiSvc.Shared\GestioneDocumentiSvc.Shared.csproj", "{5D9710A5-C1C0-4E04-B3B4-3A7099E7BC16}"
EndProject
Project("{2150E333-8FDC-42A3-9474-1A3956D46DE8}") = "AdminSvc", "AdminSvc", "{53F8B716-F860-4781-95B8-EF6FB9B49720}"
EndProject
Project("{FAE04EC0-301F-11D3-BF4B-00C04F79EFBC}") = "AdminSvc", "src\AdminSvc\AdminSvc\AdminSvc.csproj", "{C26829D9-5363-4BE3-A19F-F4B6FE7559EB}"
EndProject
Project("{FAE04EC0-301F-11D3-BF4B-00C04F79EFBC}") = "AdminSvc.BusinessLayer", "src\AdminSvc\AdminSvc.BusinessLayer\AdminSvc.BusinessLayer.csproj", "{98501455-0E15-4E98-935A-6B8908B5111C}"
EndProject
Project("{FAE04EC0-301F-11D3-BF4B-00C04F79EFBC}") = "AdminSvc.DataAccessLayer", "src\AdminSvc\AdminSvc.DataAccessLayer\AdminSvc.DataAccessLayer.csproj", "{E8EA1B72-8A15-4A5B-A6F1-F13FC3BB247F}"
EndProject
Project("{FAE04EC0-301F-11D3-BF4B-00C04F79EFBC}") = "AdminSvc.LoadBalancer", "src\AdminSvc\AdminSvc.LoadBalancer\AdminSvc.LoadBalancer.csproj", "{5A98AD11-E4B1-4796-B3EE-EA1AB3B725D1}"
EndProject
Project("{FAE04EC0-301F-11D3-BF4B-00C04F79EFBC}") = "AdminSvc.Migrations", "src\AdminSvc\AdminSvc.Migrations\AdminSvc.Migrations.csproj", "{8CDD1E9C-1CF4-4FC4-994E-2481BF8CF090}"
EndProject
Project("{FAE04EC0-301F-11D3-BF4B-00C04F79EFBC}") = "AdminSvc.Shared", "src\AdminSvc\AdminSvc.Shared\AdminSvc.Shared.csproj", "{DB84332C-7E0C-42BD-8389-5E175D915FE2}"
EndProject
Project("{2150E333-8FDC-42A3-9474-1A3956D46DE8}") = "GestioneModuliSvc", "GestioneModuliSvc", "{419C52B8-FE49-49DC-889A-C96A827FF274}"
EndProject
Project("{FAE04EC0-301F-11D3-BF4B-00C04F79EFBC}") = "GestioneModuliSvc", "src\GestioneModuliSvc\GestioneModuliSvc\GestioneModuliSvc.csproj", "{B02A2B9B-323E-44DD-BE37-1C9A35D4BE13}"
EndProject
Project("{FAE04EC0-301F-11D3-BF4B-00C04F79EFBC}") = "GestioneModuliSvc.BusinessLayer", "src\GestioneModuliSvc\GestioneModuliSvc.BusinessLayer\GestioneModuliSvc.BusinessLayer.csproj", "{097F202A-8F59-4867-96C1-5100FE0655A6}"
EndProject
Project("{FAE04EC0-301F-11D3-BF4B-00C04F79EFBC}") = "GestioneModuliSvc.DataAccessLayer", "src\GestioneModuliSvc\GestioneModuliSvc.DataAccessLayer\GestioneModuliSvc.DataAccessLayer.csproj", "{BB1697E3-0F85-4C75-A455-DDD334861606}"
EndProject
Project("{FAE04EC0-301F-11D3-BF4B-00C04F79EFBC}") = "GestioneModuliSvc.LoadBalancer", "src\GestioneModuliSvc\GestioneModuliSvc.LoadBalancer\GestioneModuliSvc.LoadBalancer.csproj", "{B7194797-F7C1-4EE4-A22B-FAB89E30FBE2}"
EndProject
Project("{FAE04EC0-301F-11D3-BF4B-00C04F79EFBC}") = "GestioneModuliSvc.Migrations", "src\GestioneModuliSvc\GestioneModuliSvc.Migrations\GestioneModuliSvc.Migrations.csproj", "{4D393C33-220F-495D-A482-FBFE5761252E}"
EndProject
Project("{FAE04EC0-301F-11D3-BF4B-00C04F79EFBC}") = "GestioneModuliSvc.Shared", "src\GestioneModuliSvc\GestioneModuliSvc.Shared\GestioneModuliSvc.Shared.csproj", "{A3044D54-1CD6-41F8-9D47-53A5948D924B}"
EndProject
Project("{2150E333-8FDC-42A3-9474-1A3956D46DE8}") = "GestioneLicenzeSvc", "GestioneLicenzeSvc", "{C0306723-98BA-469D-AC8A-11DBD5388B0D}"
EndProject
Project("{FAE04EC0-301F-11D3-BF4B-00C04F79EFBC}") = "GestioneLicenzeSvc", "src\GestioneLicenzeSvc\GestioneLicenzeSvc\GestioneLicenzeSvc.csproj", "{10AE8B21-15EB-4E08-B492-9BC1AB10A512}"
EndProject
Project("{FAE04EC0-301F-11D3-BF4B-00C04F79EFBC}") = "GestioneLicenzeSvc.BusinessLayer", "src\GestioneLicenzeSvc\GestioneLicenzeSvc.BusinessLayer\GestioneLicenzeSvc.BusinessLayer.csproj", "{5E2E70F5-D251-4771-B571-B838EB8331B9}"
EndProject
Project("{FAE04EC0-301F-11D3-BF4B-00C04F79EFBC}") = "GestioneLicenzeSvc.DataAccessLayer", "src\GestioneLicenzeSvc\GestioneLicenzeSvc.DataAccessLayer\GestioneLicenzeSvc.DataAccessLayer.csproj", "{706527E6-29B7-40A0-ACDF-076C53B7740D}"
EndProject
Project("{FAE04EC0-301F-11D3-BF4B-00C04F79EFBC}") = "GestioneLicenzeSvc.LoadBalancer", "src\GestioneLicenzeSvc\GestioneLicenzeSvc.LoadBalancer\GestioneLicenzeSvc.LoadBalancer.csproj", "{D183E349-8834-4028-9F05-415F703BC07E}"
EndProject
Project("{FAE04EC0-301F-11D3-BF4B-00C04F79EFBC}") = "GestioneLicenzeSvc.Migrations", "src\GestioneLicenzeSvc\GestioneLicenzeSvc.Migrations\GestioneLicenzeSvc.Migrations.csproj", "{79425644-FC46-4219-9CE2-6FD8BCC6B364}"
EndProject
Project("{FAE04EC0-301F-11D3-BF4B-00C04F79EFBC}") = "GestioneLicenzeSvc.Shared", "src\GestioneLicenzeSvc\GestioneLicenzeSvc.Shared\GestioneLicenzeSvc.Shared.csproj", "{59939F0C-6EE6-498B-90CD-070B5E57E4FB}"
EndProject
Project("{2150E333-8FDC-42A3-9474-1A3956D46DE8}") = "ConfigurazioneSmtpSvc", "ConfigurazioneSmtpSvc", "{F0D2E93C-22F4-45E5-A2C3-CBC548BAEE44}"
EndProject
Project("{FAE04EC0-301F-11D3-BF4B-00C04F79EFBC}") = "ConfigurazioneSmtpSvc", "src\ConfigurazioneSmtpSvc\ConfigurazioneSmtpSvc\ConfigurazioneSmtpSvc.csproj", "{809E8915-DBCB-4EC8-8EE7-D1D4D74F7B9E}"
EndProject
Project("{FAE04EC0-301F-11D3-BF4B-00C04F79EFBC}") = "ConfigurazioneSmtpSvc.BusinessLayer", "src\ConfigurazioneSmtpSvc\ConfigurazioneSmtpSvc.BusinessLayer\ConfigurazioneSmtpSvc.BusinessLayer.csproj", "{063091B7-30A7-4C50-8225-77D7DE7E2F48}"
EndProject
Project("{FAE04EC0-301F-11D3-BF4B-00C04F79EFBC}") = "ConfigurazioneSmtpSvc.DataAccessLayer", "src\ConfigurazioneSmtpSvc\ConfigurazioneSmtpSvc.DataAccessLayer\ConfigurazioneSmtpSvc.DataAccessLayer.csproj", "{C70063EC-044A-4156-8D90-033B40F07C3A}"
EndProject
Project("{FAE04EC0-301F-11D3-BF4B-00C04F79EFBC}") = "ConfigurazioneSmtpSvc.LoadBalancer", "src\ConfigurazioneSmtpSvc\ConfigurazioneSmtpSvc.LoadBalancer\ConfigurazioneSmtpSvc.LoadBalancer.csproj", "{FF6D686F-5673-4C30-9AC9-95DD666D9BE1}"
EndProject
Project("{FAE04EC0-301F-11D3-BF4B-00C04F79EFBC}") = "ConfigurazioneSmtpSvc.Migrations", "src\ConfigurazioneSmtpSvc\ConfigurazioneSmtpSvc.Migrations\ConfigurazioneSmtpSvc.Migrations.csproj", "{F0E8B912-66EA-46E7-BC99-3BDBA279B951}"
EndProject
Project("{FAE04EC0-301F-11D3-BF4B-00C04F79EFBC}") = "ConfigurazioneSmtpSvc.Shared", "src\ConfigurazioneSmtpSvc\ConfigurazioneSmtpSvc.Shared\ConfigurazioneSmtpSvc.Shared.csproj", "{DD064306-867A-4953-9409-889AE4D4CC11}"
EndProject
Project("{2150E333-8FDC-42A3-9474-1A3956D46DE8}") = "NotificheSvc", "NotificheSvc", "{07C19C9E-317A-428F-90AF-7081E64B946D}"
EndProject
Project("{FAE04EC0-301F-11D3-BF4B-00C04F79EFBC}") = "NotificheSvc", "src\NotificheSvc\NotificheSvc\NotificheSvc.csproj", "{7ED3AA1A-0FAB-4212-9A69-6CCFC75CE12B}"
EndProject
Project("{FAE04EC0-301F-11D3-BF4B-00C04F79EFBC}") = "NotificheSvc.BusinessLayer", "src\NotificheSvc\NotificheSvc.BusinessLayer\NotificheSvc.BusinessLayer.csproj", "{2B068EC3-90F4-40C2-89C0-A12786460511}"
EndProject
Project("{FAE04EC0-301F-11D3-BF4B-00C04F79EFBC}") = "NotificheSvc.DataAccessLayer", "src\NotificheSvc\NotificheSvc.DataAccessLayer\NotificheSvc.DataAccessLayer.csproj", "{48F153D0-308B-4104-B4CB-2596D5144FC0}"
EndProject
Project("{FAE04EC0-301F-11D3-BF4B-00C04F79EFBC}") = "NotificheSvc.LoadBalancer", "src\NotificheSvc\NotificheSvc.LoadBalancer\NotificheSvc.LoadBalancer.csproj", "{FDBE4886-A04D-4FE1-A74E-24B94B4FE5CC}"
EndProject
Project("{FAE04EC0-301F-11D3-BF4B-00C04F79EFBC}") = "NotificheSvc.Migrations", "src\NotificheSvc\NotificheSvc.Migrations\NotificheSvc.Migrations.csproj", "{8B6A77D3-8F68-4D10-9731-CCFED5A4C15A}"
EndProject
Project("{FAE04EC0-301F-11D3-BF4B-00C04F79EFBC}") = "NotificheSvc.Shared", "src\NotificheSvc\NotificheSvc.Shared\NotificheSvc.Shared.csproj", "{2331C573-31DF-4B32-8FB4-48E40D3BAB34}"
EndProject
Project("{2150E333-8FDC-42A3-9474-1A3956D46DE8}") = "SchedulatoreSvc", "SchedulatoreSvc", "{ECA54CA6-E3DA-41D2-BF75-463C75857283}"
EndProject
Project("{FAE04EC0-301F-11D3-BF4B-00C04F79EFBC}") = "SchedulatoreSvc", "src\SchedulatoreSvc\SchedulatoreSvc\SchedulatoreSvc.csproj", "{28E4552C-1F23-4DF9-B81C-16BE8741CD16}"
EndProject
Project("{FAE04EC0-301F-11D3-BF4B-00C04F79EFBC}") = "SchedulatoreSvc.BusinessLayer", "src\SchedulatoreSvc\SchedulatoreSvc.BusinessLayer\SchedulatoreSvc.BusinessLayer.csproj", "{07F11952-2951-4F4F-B6D2-A701E8593EC7}"
EndProject
Project("{FAE04EC0-301F-11D3-BF4B-00C04F79EFBC}") = "SchedulatoreSvc.DataAccessLayer", "src\SchedulatoreSvc\SchedulatoreSvc.DataAccessLayer\SchedulatoreSvc.DataAccessLayer.csproj", "{6599F307-B146-43B2-ADF7-E6CD7B89146C}"
EndProject
Project("{FAE04EC0-301F-11D3-BF4B-00C04F79EFBC}") = "SchedulatoreSvc.LoadBalancer", "src\SchedulatoreSvc\SchedulatoreSvc.LoadBalancer\SchedulatoreSvc.LoadBalancer.csproj", "{862EA4E5-586C-4640-B9A1-CFE051318775}"
EndProject
Project("{FAE04EC0-301F-11D3-BF4B-00C04F79EFBC}") = "SchedulatoreSvc.Migrations", "src\SchedulatoreSvc\SchedulatoreSvc.Migrations\SchedulatoreSvc.Migrations.csproj", "{F7970CD4-D898-404B-8E06-66DBB27B040F}"
EndProject
Project("{FAE04EC0-301F-11D3-BF4B-00C04F79EFBC}") = "SchedulatoreSvc.Shared", "src\SchedulatoreSvc\SchedulatoreSvc.Shared\SchedulatoreSvc.Shared.csproj", "{F6EAA82B-7C87-4752-BEF0-E03A77871F85}"
EndProject
Global
	GlobalSection(SolutionConfigurationPlatforms) = preSolution
		Debug|Any CPU = Debug|Any CPU
		Release|Any CPU = Release|Any CPU
	EndGlobalSection
	GlobalSection(ProjectConfigurationPlatforms) = postSolution
		{6FA32ADF-6D83-44D7-A0DF-7E7344CF320D}.Debug|Any CPU.ActiveCfg = Debug|Any CPU
		{6FA32ADF-6D83-44D7-A0DF-7E7344CF320D}.Debug|Any CPU.Build.0 = Debug|Any CPU
		{6FA32ADF-6D83-44D7-A0DF-7E7344CF320D}.Release|Any CPU.ActiveCfg = Release|Any CPU
		{6FA32ADF-6D83-44D7-A0DF-7E7344CF320D}.Release|Any CPU.Build.0 = Release|Any CPU
		{8D8A4052-2EAF-423F-8AA9-68A987E05AB1}.Debug|Any CPU.ActiveCfg = Debug|Any CPU
		{8D8A4052-2EAF-423F-8AA9-68A987E05AB1}.Debug|Any CPU.Build.0 = Debug|Any CPU
		{8D8A4052-2EAF-423F-8AA9-68A987E05AB1}.Release|Any CPU.ActiveCfg = Release|Any CPU
		{8D8A4052-2EAF-423F-8AA9-68A987E05AB1}.Release|Any CPU.Build.0 = Release|Any CPU
		{51196477-CC7A-4618-BA79-8043D712EFD1}.Debug|Any CPU.ActiveCfg = Debug|Any CPU
		{51196477-CC7A-4618-BA79-8043D712EFD1}.Debug|Any CPU.Build.0 = Debug|Any CPU
		{51196477-CC7A-4618-BA79-8043D712EFD1}.Release|Any CPU.ActiveCfg = Release|Any CPU
		{51196477-CC7A-4618-BA79-8043D712EFD1}.Release|Any CPU.Build.0 = Release|Any CPU
		{E90AB4BA-BE30-468C-A1BC-6E82E9ED58E8}.Debug|Any CPU.ActiveCfg = Debug|Any CPU
		{E90AB4BA-BE30-468C-A1BC-6E82E9ED58E8}.Debug|Any CPU.Build.0 = Debug|Any CPU
		{E90AB4BA-BE30-468C-A1BC-6E82E9ED58E8}.Release|Any CPU.ActiveCfg = Release|Any CPU
		{E90AB4BA-BE30-468C-A1BC-6E82E9ED58E8}.Release|Any CPU.Build.0 = Release|Any CPU
		{21419D11-3C0B-411D-B02C-6EA2F5692E12}.Debug|Any CPU.ActiveCfg = Debug|Any CPU
		{21419D11-3C0B-411D-B02C-6EA2F5692E12}.Debug|Any CPU.Build.0 = Debug|Any CPU
		{21419D11-3C0B-411D-B02C-6EA2F5692E12}.Release|Any CPU.ActiveCfg = Release|Any CPU
		{21419D11-3C0B-411D-B02C-6EA2F5692E12}.Release|Any CPU.Build.0 = Release|Any CPU
		{7E03F77F-CE11-4CE4-9422-187982D6686E}.Debug|Any CPU.ActiveCfg = Debug|Any CPU
		{7E03F77F-CE11-4CE4-9422-187982D6686E}.Debug|Any CPU.Build.0 = Debug|Any CPU
		{7E03F77F-CE11-4CE4-9422-187982D6686E}.Release|Any CPU.ActiveCfg = Release|Any CPU
		{7E03F77F-CE11-4CE4-9422-187982D6686E}.Release|Any CPU.Build.0 = Release|Any CPU
		{DAE73974-5048-4B99-A657-E4E6D16F1C30}.Debug|Any CPU.ActiveCfg = Debug|Any CPU
		{DAE73974-5048-4B99-A657-E4E6D16F1C30}.Debug|Any CPU.Build.0 = Debug|Any CPU
		{DAE73974-5048-4B99-A657-E4E6D16F1C30}.Release|Any CPU.ActiveCfg = Release|Any CPU
		{DAE73974-5048-4B99-A657-E4E6D16F1C30}.Release|Any CPU.Build.0 = Release|Any CPU
		{2ADE4937-F567-4430-96CA-D187642D5971}.Debug|Any CPU.ActiveCfg = Debug|Any CPU
		{2ADE4937-F567-4430-96CA-D187642D5971}.Debug|Any CPU.Build.0 = Debug|Any CPU
		{2ADE4937-F567-4430-96CA-D187642D5971}.Release|Any CPU.ActiveCfg = Release|Any CPU
		{2ADE4937-F567-4430-96CA-D187642D5971}.Release|Any CPU.Build.0 = Release|Any CPU
		{8D5E775D-1262-460B-BA34-9F2D89225A2D}.Debug|Any CPU.ActiveCfg = Debug|Any CPU
		{8D5E775D-1262-460B-BA34-9F2D89225A2D}.Debug|Any CPU.Build.0 = Debug|Any CPU
		{8D5E775D-1262-460B-BA34-9F2D89225A2D}.Release|Any CPU.ActiveCfg = Release|Any CPU
		{8D5E775D-1262-460B-BA34-9F2D89225A2D}.Release|Any CPU.Build.0 = Release|Any CPU
		{AFE91990-6AC9-4E17-B032-B2B2059931ED}.Debug|Any CPU.ActiveCfg = Debug|Any CPU
		{AFE91990-6AC9-4E17-B032-B2B2059931ED}.Debug|Any CPU.Build.0 = Debug|Any CPU
		{AFE91990-6AC9-4E17-B032-B2B2059931ED}.Release|Any CPU.ActiveCfg = Release|Any CPU
		{AFE91990-6AC9-4E17-B032-B2B2059931ED}.Release|Any CPU.Build.0 = Release|Any CPU
		{E6BD2396-6C67-49B1-BC45-64BFFF082523}.Debug|Any CPU.ActiveCfg = Debug|Any CPU
		{E6BD2396-6C67-49B1-BC45-64BFFF082523}.Debug|Any CPU.Build.0 = Debug|Any CPU
		{E6BD2396-6C67-49B1-BC45-64BFFF082523}.Release|Any CPU.ActiveCfg = Release|Any CPU
		{E6BD2396-6C67-49B1-BC45-64BFFF082523}.Release|Any CPU.Build.0 = Release|Any CPU
		{78A4BF72-D704-4920-BD82-052A439B9BFB}.Debug|Any CPU.ActiveCfg = Debug|Any CPU
		{78A4BF72-D704-4920-BD82-052A439B9BFB}.Debug|Any CPU.Build.0 = Debug|Any CPU
		{78A4BF72-D704-4920-BD82-052A439B9BFB}.Release|Any CPU.ActiveCfg = Release|Any CPU
		{78A4BF72-D704-4920-BD82-052A439B9BFB}.Release|Any CPU.Build.0 = Release|Any CPU
		{55A9038F-1EF7-4EFF-9D3A-19D6E1C21F92}.Debug|Any CPU.ActiveCfg = Debug|Any CPU
		{55A9038F-1EF7-4EFF-9D3A-19D6E1C21F92}.Debug|Any CPU.Build.0 = Debug|Any CPU
		{55A9038F-1EF7-4EFF-9D3A-19D6E1C21F92}.Release|Any CPU.ActiveCfg = Release|Any CPU
		{55A9038F-1EF7-4EFF-9D3A-19D6E1C21F92}.Release|Any CPU.Build.0 = Release|Any CPU
		{8941F420-AC38-46D6-BE42-4542668B101A}.Debug|Any CPU.ActiveCfg = Debug|Any CPU
		{8941F420-AC38-46D6-BE42-4542668B101A}.Debug|Any CPU.Build.0 = Debug|Any CPU
		{8941F420-AC38-46D6-BE42-4542668B101A}.Release|Any CPU.ActiveCfg = Release|Any CPU
		{8941F420-AC38-46D6-BE42-4542668B101A}.Release|Any CPU.Build.0 = Release|Any CPU
		{929C4BA2-1D04-455B-93E7-B1A07A4517E7}.Debug|Any CPU.ActiveCfg = Debug|Any CPU
		{929C4BA2-1D04-455B-93E7-B1A07A4517E7}.Debug|Any CPU.Build.0 = Debug|Any CPU
		{929C4BA2-1D04-455B-93E7-B1A07A4517E7}.Release|Any CPU.ActiveCfg = Release|Any CPU
		{929C4BA2-1D04-455B-93E7-B1A07A4517E7}.Release|Any CPU.Build.0 = Release|Any CPU
		{86D92046-E7F7-4CE7-91E6-1C8901024FA4}.Debug|Any CPU.ActiveCfg = Debug|Any CPU
		{86D92046-E7F7-4CE7-91E6-1C8901024FA4}.Debug|Any CPU.Build.0 = Debug|Any CPU
		{86D92046-E7F7-4CE7-91E6-1C8901024FA4}.Release|Any CPU.ActiveCfg = Release|Any CPU
		{86D92046-E7F7-4CE7-91E6-1C8901024FA4}.Release|Any CPU.Build.0 = Release|Any CPU
		{2461A3CB-D14E-4DDA-8635-F43CF97108C8}.Debug|Any CPU.ActiveCfg = Debug|Any CPU
		{2461A3CB-D14E-4DDA-8635-F43CF97108C8}.Debug|Any CPU.Build.0 = Debug|Any CPU
		{2461A3CB-D14E-4DDA-8635-F43CF97108C8}.Release|Any CPU.ActiveCfg = Release|Any CPU
		{2461A3CB-D14E-4DDA-8635-F43CF97108C8}.Release|Any CPU.Build.0 = Release|Any CPU
		{4B50A20A-357E-42EA-B929-4D41CF78DB86}.Debug|Any CPU.ActiveCfg = Debug|Any CPU
		{4B50A20A-357E-42EA-B929-4D41CF78DB86}.Debug|Any CPU.Build.0 = Debug|Any CPU
		{4B50A20A-357E-42EA-B929-4D41CF78DB86}.Release|Any CPU.ActiveCfg = Release|Any CPU
		{4B50A20A-357E-42EA-B929-4D41CF78DB86}.Release|Any CPU.Build.0 = Release|Any CPU
		{CC83E93F-B176-4874-B7DA-82EB48516C40}.Debug|Any CPU.ActiveCfg = Debug|Any CPU
		{CC83E93F-B176-4874-B7DA-82EB48516C40}.Debug|Any CPU.Build.0 = Debug|Any CPU
		{CC83E93F-B176-4874-B7DA-82EB48516C40}.Release|Any CPU.ActiveCfg = Release|Any CPU
		{CC83E93F-B176-4874-B7DA-82EB48516C40}.Release|Any CPU.Build.0 = Release|Any CPU
		{E9905A1E-AED1-4E83-BF3A-826DC648C75B}.Debug|Any CPU.ActiveCfg = Debug|Any CPU
		{E9905A1E-AED1-4E83-BF3A-826DC648C75B}.Debug|Any CPU.Build.0 = Debug|Any CPU
		{E9905A1E-AED1-4E83-BF3A-826DC648C75B}.Release|Any CPU.ActiveCfg = Release|Any CPU
		{E9905A1E-AED1-4E83-BF3A-826DC648C75B}.Release|Any CPU.Build.0 = Release|Any CPU
		{20D5E1F8-5294-485F-A017-A87E7C38B88F}.Debug|Any CPU.ActiveCfg = Debug|Any CPU
		{20D5E1F8-5294-485F-A017-A87E7C38B88F}.Debug|Any CPU.Build.0 = Debug|Any CPU
		{20D5E1F8-5294-485F-A017-A87E7C38B88F}.Release|Any CPU.ActiveCfg = Release|Any CPU
		{20D5E1F8-5294-485F-A017-A87E7C38B88F}.Release|Any CPU.Build.0 = Release|Any CPU
		{67CAADB4-E8D7-431E-9465-9BFD4ABEA677}.Debug|Any CPU.ActiveCfg = Debug|Any CPU
		{67CAADB4-E8D7-431E-9465-9BFD4ABEA677}.Debug|Any CPU.Build.0 = Debug|Any CPU
		{67CAADB4-E8D7-431E-9465-9BFD4ABEA677}.Release|Any CPU.ActiveCfg = Release|Any CPU
		{67CAADB4-E8D7-431E-9465-9BFD4ABEA677}.Release|Any CPU.Build.0 = Release|Any CPU
		{E7000F40-4F5B-4788-83BC-2184CF932418}.Debug|Any CPU.ActiveCfg = Debug|Any CPU
		{E7000F40-4F5B-4788-83BC-2184CF932418}.Debug|Any CPU.Build.0 = Debug|Any CPU
		{E7000F40-4F5B-4788-83BC-2184CF932418}.Release|Any CPU.ActiveCfg = Release|Any CPU
		{E7000F40-4F5B-4788-83BC-2184CF932418}.Release|Any CPU.Build.0 = Release|Any CPU
		{EC780253-57FA-4E3E-9A83-1DA289D9BCEA}.Debug|Any CPU.ActiveCfg = Debug|Any CPU
		{EC780253-57FA-4E3E-9A83-1DA289D9BCEA}.Debug|Any CPU.Build.0 = Debug|Any CPU
		{EC780253-57FA-4E3E-9A83-1DA289D9BCEA}.Release|Any CPU.ActiveCfg = Release|Any CPU
		{EC780253-57FA-4E3E-9A83-1DA289D9BCEA}.Release|Any CPU.Build.0 = Release|Any CPU
		{35138CDB-ACC1-42DB-9654-25B50E70A057}.Debug|Any CPU.ActiveCfg = Debug|Any CPU
		{35138CDB-ACC1-42DB-9654-25B50E70A057}.Debug|Any CPU.Build.0 = Debug|Any CPU
		{35138CDB-ACC1-42DB-9654-25B50E70A057}.Release|Any CPU.ActiveCfg = Release|Any CPU
		{35138CDB-ACC1-42DB-9654-25B50E70A057}.Release|Any CPU.Build.0 = Release|Any CPU
		{BEE0F121-A5FC-43D9-9B35-D307147AD332}.Debug|Any CPU.ActiveCfg = Debug|Any CPU
		{BEE0F121-A5FC-43D9-9B35-D307147AD332}.Debug|Any CPU.Build.0 = Debug|Any CPU
		{BEE0F121-A5FC-43D9-9B35-D307147AD332}.Release|Any CPU.ActiveCfg = Release|Any CPU
		{BEE0F121-A5FC-43D9-9B35-D307147AD332}.Release|Any CPU.Build.0 = Release|Any CPU
		{0159530A-9708-40A4-B1A1-3CCF55552F8C}.Debug|Any CPU.ActiveCfg = Debug|Any CPU
		{0159530A-9708-40A4-B1A1-3CCF55552F8C}.Debug|Any CPU.Build.0 = Debug|Any CPU
		{0159530A-9708-40A4-B1A1-3CCF55552F8C}.Release|Any CPU.ActiveCfg = Release|Any CPU
		{0159530A-9708-40A4-B1A1-3CCF55552F8C}.Release|Any CPU.Build.0 = Release|Any CPU
		{1CEE68DF-0A80-43DB-95A0-FB0A1BE1C785}.Debug|Any CPU.ActiveCfg = Debug|Any CPU
		{1CEE68DF-0A80-43DB-95A0-FB0A1BE1C785}.Debug|Any CPU.Build.0 = Debug|Any CPU
		{1CEE68DF-0A80-43DB-95A0-FB0A1BE1C785}.Release|Any CPU.ActiveCfg = Release|Any CPU
		{1CEE68DF-0A80-43DB-95A0-FB0A1BE1C785}.Release|Any CPU.Build.0 = Release|Any CPU
		{92108056-C6E6-4169-A228-EDAEDB3F970A}.Debug|Any CPU.ActiveCfg = Debug|Any CPU
		{92108056-C6E6-4169-A228-EDAEDB3F970A}.Debug|Any CPU.Build.0 = Debug|Any CPU
		{92108056-C6E6-4169-A228-EDAEDB3F970A}.Release|Any CPU.ActiveCfg = Release|Any CPU
		{92108056-C6E6-4169-A228-EDAEDB3F970A}.Release|Any CPU.Build.0 = Release|Any CPU
		{3DF802DF-1CCC-4546-BFB3-AF343902F0AC}.Debug|Any CPU.ActiveCfg = Debug|Any CPU
		{3DF802DF-1CCC-4546-BFB3-AF343902F0AC}.Debug|Any CPU.Build.0 = Debug|Any CPU
		{3DF802DF-1CCC-4546-BFB3-AF343902F0AC}.Release|Any CPU.ActiveCfg = Release|Any CPU
		{3DF802DF-1CCC-4546-BFB3-AF343902F0AC}.Release|Any CPU.Build.0 = Release|Any CPU
		{C0BED57C-93DC-45FF-B8F6-556E7C54F712}.Debug|Any CPU.ActiveCfg = Debug|Any CPU
		{C0BED57C-93DC-45FF-B8F6-556E7C54F712}.Debug|Any CPU.Build.0 = Debug|Any CPU
		{C0BED57C-93DC-45FF-B8F6-556E7C54F712}.Release|Any CPU.ActiveCfg = Release|Any CPU
		{C0BED57C-93DC-45FF-B8F6-556E7C54F712}.Release|Any CPU.Build.0 = Release|Any CPU
		{2DD5FC6F-37A1-4722-949E-1DCBAD88E2A5}.Debug|Any CPU.ActiveCfg = Debug|Any CPU
		{2DD5FC6F-37A1-4722-949E-1DCBAD88E2A5}.Debug|Any CPU.Build.0 = Debug|Any CPU
		{2DD5FC6F-37A1-4722-949E-1DCBAD88E2A5}.Release|Any CPU.ActiveCfg = Release|Any CPU
		{2DD5FC6F-37A1-4722-949E-1DCBAD88E2A5}.Release|Any CPU.Build.0 = Release|Any CPU
		{87E96113-4BCD-4BDC-B8EF-892A0774EA82}.Debug|Any CPU.ActiveCfg = Debug|Any CPU
		{87E96113-4BCD-4BDC-B8EF-892A0774EA82}.Debug|Any CPU.Build.0 = Debug|Any CPU
		{87E96113-4BCD-4BDC-B8EF-892A0774EA82}.Release|Any CPU.ActiveCfg = Release|Any CPU
		{87E96113-4BCD-4BDC-B8EF-892A0774EA82}.Release|Any CPU.Build.0 = Release|Any CPU
		{017E05FE-BAC1-4F07-A163-0C8FF6810549}.Debug|Any CPU.ActiveCfg = Debug|Any CPU
		{017E05FE-BAC1-4F07-A163-0C8FF6810549}.Debug|Any CPU.Build.0 = Debug|Any CPU
		{017E05FE-BAC1-4F07-A163-0C8FF6810549}.Release|Any CPU.ActiveCfg = Release|Any CPU
		{017E05FE-BAC1-4F07-A163-0C8FF6810549}.Release|Any CPU.Build.0 = Release|Any CPU
		{A9C34959-3193-4436-AB03-4928473DD6CB}.Debug|Any CPU.ActiveCfg = Debug|Any CPU
		{A9C34959-3193-4436-AB03-4928473DD6CB}.Debug|Any CPU.Build.0 = Debug|Any CPU
		{A9C34959-3193-4436-AB03-4928473DD6CB}.Release|Any CPU.ActiveCfg = Release|Any CPU
		{A9C34959-3193-4436-AB03-4928473DD6CB}.Release|Any CPU.Build.0 = Release|Any CPU
		{B53D7642-6BF6-4D4B-9B7A-E4B3F41DBE13}.Debug|Any CPU.ActiveCfg = Debug|Any CPU
		{B53D7642-6BF6-4D4B-9B7A-E4B3F41DBE13}.Debug|Any CPU.Build.0 = Debug|Any CPU
		{B53D7642-6BF6-4D4B-9B7A-E4B3F41DBE13}.Release|Any CPU.ActiveCfg = Release|Any CPU
		{B53D7642-6BF6-4D4B-9B7A-E4B3F41DBE13}.Release|Any CPU.Build.0 = Release|Any CPU
		{9CA5A3E4-7BAE-4566-8B15-F6D2D5938333}.Debug|Any CPU.ActiveCfg = Debug|Any CPU
		{9CA5A3E4-7BAE-4566-8B15-F6D2D5938333}.Debug|Any CPU.Build.0 = Debug|Any CPU
		{9CA5A3E4-7BAE-4566-8B15-F6D2D5938333}.Release|Any CPU.ActiveCfg = Release|Any CPU
		{9CA5A3E4-7BAE-4566-8B15-F6D2D5938333}.Release|Any CPU.Build.0 = Release|Any CPU
		{52BFAF05-EB81-4A22-AE7C-3BA2FA676F77}.Debug|Any CPU.ActiveCfg = Debug|Any CPU
		{52BFAF05-EB81-4A22-AE7C-3BA2FA676F77}.Debug|Any CPU.Build.0 = Debug|Any CPU
		{52BFAF05-EB81-4A22-AE7C-3BA2FA676F77}.Release|Any CPU.ActiveCfg = Release|Any CPU
		{52BFAF05-EB81-4A22-AE7C-3BA2FA676F77}.Release|Any CPU.Build.0 = Release|Any CPU
		{D071544A-B529-4C2B-86F5-3A041EEBDDC2}.Debug|Any CPU.ActiveCfg = Debug|Any CPU
		{D071544A-B529-4C2B-86F5-3A041EEBDDC2}.Debug|Any CPU.Build.0 = Debug|Any CPU
		{D071544A-B529-4C2B-86F5-3A041EEBDDC2}.Release|Any CPU.ActiveCfg = Release|Any CPU
		{D071544A-B529-4C2B-86F5-3A041EEBDDC2}.Release|Any CPU.Build.0 = Release|Any CPU
		{F6B00B44-72D3-4AF6-AD14-3B004CAEA466}.Debug|Any CPU.ActiveCfg = Debug|Any CPU
		{F6B00B44-72D3-4AF6-AD14-3B004CAEA466}.Debug|Any CPU.Build.0 = Debug|Any CPU
		{F6B00B44-72D3-4AF6-AD14-3B004CAEA466}.Release|Any CPU.ActiveCfg = Release|Any CPU
		{F6B00B44-72D3-4AF6-AD14-3B004CAEA466}.Release|Any CPU.Build.0 = Release|Any CPU
		{41430D60-803D-47DF-B053-4A2FFD411F62}.Debug|Any CPU.ActiveCfg = Debug|Any CPU
		{41430D60-803D-47DF-B053-4A2FFD411F62}.Debug|Any CPU.Build.0 = Debug|Any CPU
		{41430D60-803D-47DF-B053-4A2FFD411F62}.Release|Any CPU.ActiveCfg = Release|Any CPU
		{41430D60-803D-47DF-B053-4A2FFD411F62}.Release|Any CPU.Build.0 = Release|Any CPU
		{50D10D2C-391B-4561-B54F-FC0A96B3DFE2}.Debug|Any CPU.ActiveCfg = Debug|Any CPU
		{50D10D2C-391B-4561-B54F-FC0A96B3DFE2}.Debug|Any CPU.Build.0 = Debug|Any CPU
		{50D10D2C-391B-4561-B54F-FC0A96B3DFE2}.Release|Any CPU.ActiveCfg = Release|Any CPU
		{50D10D2C-391B-4561-B54F-FC0A96B3DFE2}.Release|Any CPU.Build.0 = Release|Any CPU
		{B26407C7-8B82-4D82-B057-423385746ACA}.Debug|Any CPU.ActiveCfg = Debug|Any CPU
		{B26407C7-8B82-4D82-B057-423385746ACA}.Debug|Any CPU.Build.0 = Debug|Any CPU
		{B26407C7-8B82-4D82-B057-423385746ACA}.Release|Any CPU.ActiveCfg = Release|Any CPU
		{B26407C7-8B82-4D82-B057-423385746ACA}.Release|Any CPU.Build.0 = Release|Any CPU
		{9111F35A-9D54-4AC4-A928-C238A640944F}.Debug|Any CPU.ActiveCfg = Debug|Any CPU
		{9111F35A-9D54-4AC4-A928-C238A640944F}.Debug|Any CPU.Build.0 = Debug|Any CPU
		{9111F35A-9D54-4AC4-A928-C238A640944F}.Release|Any CPU.ActiveCfg = Release|Any CPU
		{9111F35A-9D54-4AC4-A928-C238A640944F}.Release|Any CPU.Build.0 = Release|Any CPU
		{1A6C8E67-E73D-448B-A50C-637FF4355E5E}.Debug|Any CPU.ActiveCfg = Debug|Any CPU
		{1A6C8E67-E73D-448B-A50C-637FF4355E5E}.Debug|Any CPU.Build.0 = Debug|Any CPU
		{1A6C8E67-E73D-448B-A50C-637FF4355E5E}.Release|Any CPU.ActiveCfg = Release|Any CPU
		{1A6C8E67-E73D-448B-A50C-637FF4355E5E}.Release|Any CPU.Build.0 = Release|Any CPU
		{FF71EF3C-029D-4D8A-83F8-57853753EC37}.Debug|Any CPU.ActiveCfg = Debug|Any CPU
		{FF71EF3C-029D-4D8A-83F8-57853753EC37}.Debug|Any CPU.Build.0 = Debug|Any CPU
		{FF71EF3C-029D-4D8A-83F8-57853753EC37}.Release|Any CPU.ActiveCfg = Release|Any CPU
		{FF71EF3C-029D-4D8A-83F8-57853753EC37}.Release|Any CPU.Build.0 = Release|Any CPU
		{DEE868A9-0B2C-4AA8-8A9D-BA29A528F623}.Debug|Any CPU.ActiveCfg = Debug|Any CPU
		{DEE868A9-0B2C-4AA8-8A9D-BA29A528F623}.Debug|Any CPU.Build.0 = Debug|Any CPU
		{DEE868A9-0B2C-4AA8-8A9D-BA29A528F623}.Release|Any CPU.ActiveCfg = Release|Any CPU
		{DEE868A9-0B2C-4AA8-8A9D-BA29A528F623}.Release|Any CPU.Build.0 = Release|Any CPU
		{57A3AC6B-BDBC-4D48-861E-87B71DE18E02}.Debug|Any CPU.ActiveCfg = Debug|Any CPU
		{57A3AC6B-BDBC-4D48-861E-87B71DE18E02}.Debug|Any CPU.Build.0 = Debug|Any CPU
		{57A3AC6B-BDBC-4D48-861E-87B71DE18E02}.Release|Any CPU.ActiveCfg = Release|Any CPU
		{57A3AC6B-BDBC-4D48-861E-87B71DE18E02}.Release|Any CPU.Build.0 = Release|Any CPU
		{C27609F1-E1F9-4522-B5EB-50DF71BBAA22}.Debug|Any CPU.ActiveCfg = Debug|Any CPU
		{C27609F1-E1F9-4522-B5EB-50DF71BBAA22}.Debug|Any CPU.Build.0 = Debug|Any CPU
		{C27609F1-E1F9-4522-B5EB-50DF71BBAA22}.Release|Any CPU.ActiveCfg = Release|Any CPU
		{C27609F1-E1F9-4522-B5EB-50DF71BBAA22}.Release|Any CPU.Build.0 = Release|Any CPU
		{973189FE-6CD6-4F67-ADF9-E53D15627B71}.Debug|Any CPU.ActiveCfg = Debug|Any CPU
		{973189FE-6CD6-4F67-ADF9-E53D15627B71}.Debug|Any CPU.Build.0 = Debug|Any CPU
		{973189FE-6CD6-4F67-ADF9-E53D15627B71}.Release|Any CPU.ActiveCfg = Release|Any CPU
		{973189FE-6CD6-4F67-ADF9-E53D15627B71}.Release|Any CPU.Build.0 = Release|Any CPU
		{0638D06A-5D0D-43EA-9693-3415A713ABDE}.Debug|Any CPU.ActiveCfg = Debug|Any CPU
		{0638D06A-5D0D-43EA-9693-3415A713ABDE}.Debug|Any CPU.Build.0 = Debug|Any CPU
		{0638D06A-5D0D-43EA-9693-3415A713ABDE}.Release|Any CPU.ActiveCfg = Release|Any CPU
		{0638D06A-5D0D-43EA-9693-3415A713ABDE}.Release|Any CPU.Build.0 = Release|Any CPU
		{6ACCE0F0-EE29-4C55-A5C3-1639199EBDC3}.Debug|Any CPU.ActiveCfg = Debug|Any CPU
		{6ACCE0F0-EE29-4C55-A5C3-1639199EBDC3}.Debug|Any CPU.Build.0 = Debug|Any CPU
		{6ACCE0F0-EE29-4C55-A5C3-1639199EBDC3}.Release|Any CPU.ActiveCfg = Release|Any CPU
		{6ACCE0F0-EE29-4C55-A5C3-1639199EBDC3}.Release|Any CPU.Build.0 = Release|Any CPU
		{7A7DC6D2-2FDD-4BDE-9699-E6B10BF58C56}.Debug|Any CPU.ActiveCfg = Debug|Any CPU
		{7A7DC6D2-2FDD-4BDE-9699-E6B10BF58C56}.Debug|Any CPU.Build.0 = Debug|Any CPU
		{7A7DC6D2-2FDD-4BDE-9699-E6B10BF58C56}.Release|Any CPU.ActiveCfg = Release|Any CPU
		{7A7DC6D2-2FDD-4BDE-9699-E6B10BF58C56}.Release|Any CPU.Build.0 = Release|Any CPU
		{2DFC1FF3-5EF8-44C8-B1ED-2734A4AA25EF}.Debug|Any CPU.ActiveCfg = Debug|Any CPU
		{2DFC1FF3-5EF8-44C8-B1ED-2734A4AA25EF}.Debug|Any CPU.Build.0 = Debug|Any CPU
		{2DFC1FF3-5EF8-44C8-B1ED-2734A4AA25EF}.Release|Any CPU.ActiveCfg = Release|Any CPU
		{2DFC1FF3-5EF8-44C8-B1ED-2734A4AA25EF}.Release|Any CPU.Build.0 = Release|Any CPU
		{46F181AB-9754-4596-983B-963AE5D0A36E}.Debug|Any CPU.ActiveCfg = Debug|Any CPU
		{46F181AB-9754-4596-983B-963AE5D0A36E}.Debug|Any CPU.Build.0 = Debug|Any CPU
		{46F181AB-9754-4596-983B-963AE5D0A36E}.Release|Any CPU.ActiveCfg = Release|Any CPU
		{46F181AB-9754-4596-983B-963AE5D0A36E}.Release|Any CPU.Build.0 = Release|Any CPU
		{7BEADBFD-CA02-474A-8EDC-9FBA0C27A72A}.Debug|Any CPU.ActiveCfg = Debug|Any CPU
		{7BEADBFD-CA02-474A-8EDC-9FBA0C27A72A}.Debug|Any CPU.Build.0 = Debug|Any CPU
		{7BEADBFD-CA02-474A-8EDC-9FBA0C27A72A}.Release|Any CPU.ActiveCfg = Release|Any CPU
		{7BEADBFD-CA02-474A-8EDC-9FBA0C27A72A}.Release|Any CPU.Build.0 = Release|Any CPU
		{B2680B55-14D7-40DE-93C2-CF289FD3AC10}.Debug|Any CPU.ActiveCfg = Debug|Any CPU
		{B2680B55-14D7-40DE-93C2-CF289FD3AC10}.Debug|Any CPU.Build.0 = Debug|Any CPU
		{B2680B55-14D7-40DE-93C2-CF289FD3AC10}.Release|Any CPU.ActiveCfg = Release|Any CPU
		{B2680B55-14D7-40DE-93C2-CF289FD3AC10}.Release|Any CPU.Build.0 = Release|Any CPU
		{2B6BD3F2-3E8E-49BE-AC23-8B74684D1BC9}.Debug|Any CPU.ActiveCfg = Debug|Any CPU
		{2B6BD3F2-3E8E-49BE-AC23-8B74684D1BC9}.Debug|Any CPU.Build.0 = Debug|Any CPU
		{2B6BD3F2-3E8E-49BE-AC23-8B74684D1BC9}.Release|Any CPU.ActiveCfg = Release|Any CPU
		{2B6BD3F2-3E8E-49BE-AC23-8B74684D1BC9}.Release|Any CPU.Build.0 = Release|Any CPU
		{115840A1-BBD3-4553-9195-E63B6612645C}.Debug|Any CPU.ActiveCfg = Debug|Any CPU
		{115840A1-BBD3-4553-9195-E63B6612645C}.Debug|Any CPU.Build.0 = Debug|Any CPU
		{115840A1-BBD3-4553-9195-E63B6612645C}.Release|Any CPU.ActiveCfg = Release|Any CPU
		{115840A1-BBD3-4553-9195-E63B6612645C}.Release|Any CPU.Build.0 = Release|Any CPU
		{DF65DE2D-3A12-4211-99EC-653C84373023}.Debug|Any CPU.ActiveCfg = Debug|Any CPU
		{DF65DE2D-3A12-4211-99EC-653C84373023}.Debug|Any CPU.Build.0 = Debug|Any CPU
		{DF65DE2D-3A12-4211-99EC-653C84373023}.Release|Any CPU.ActiveCfg = Release|Any CPU
		{DF65DE2D-3A12-4211-99EC-653C84373023}.Release|Any CPU.Build.0 = Release|Any CPU
		{63F62229-3ED8-4E2B-BA56-D0555D473B2B}.Debug|Any CPU.ActiveCfg = Debug|Any CPU
		{63F62229-3ED8-4E2B-BA56-D0555D473B2B}.Debug|Any CPU.Build.0 = Debug|Any CPU
		{63F62229-3ED8-4E2B-BA56-D0555D473B2B}.Release|Any CPU.ActiveCfg = Release|Any CPU
		{63F62229-3ED8-4E2B-BA56-D0555D473B2B}.Release|Any CPU.Build.0 = Release|Any CPU
		{CD59CD1E-C464-4789-8574-66ADC92AF7AC}.Debug|Any CPU.ActiveCfg = Debug|Any CPU
		{CD59CD1E-C464-4789-8574-66ADC92AF7AC}.Debug|Any CPU.Build.0 = Debug|Any CPU
		{CD59CD1E-C464-4789-8574-66ADC92AF7AC}.Release|Any CPU.ActiveCfg = Release|Any CPU
		{CD59CD1E-C464-4789-8574-66ADC92AF7AC}.Release|Any CPU.Build.0 = Release|Any CPU
		{9806D9EA-72D0-4E35-9B77-92EF995FB569}.Debug|Any CPU.ActiveCfg = Debug|Any CPU
		{9806D9EA-72D0-4E35-9B77-92EF995FB569}.Debug|Any CPU.Build.0 = Debug|Any CPU
		{9806D9EA-72D0-4E35-9B77-92EF995FB569}.Release|Any CPU.ActiveCfg = Release|Any CPU
		{9806D9EA-72D0-4E35-9B77-92EF995FB569}.Release|Any CPU.Build.0 = Release|Any CPU
		{8255EA7F-92FB-44E3-B143-F31DECE7771D}.Debug|Any CPU.ActiveCfg = Debug|Any CPU
		{8255EA7F-92FB-44E3-B143-F31DECE7771D}.Debug|Any CPU.Build.0 = Debug|Any CPU
		{8255EA7F-92FB-44E3-B143-F31DECE7771D}.Release|Any CPU.ActiveCfg = Release|Any CPU
		{8255EA7F-92FB-44E3-B143-F31DECE7771D}.Release|Any CPU.Build.0 = Release|Any CPU
		{74661F32-BA29-44D3-B1CC-AB51E2DFC8B5}.Debug|Any CPU.ActiveCfg = Debug|Any CPU
		{74661F32-BA29-44D3-B1CC-AB51E2DFC8B5}.Debug|Any CPU.Build.0 = Debug|Any CPU
		{74661F32-BA29-44D3-B1CC-AB51E2DFC8B5}.Release|Any CPU.ActiveCfg = Release|Any CPU
		{74661F32-BA29-44D3-B1CC-AB51E2DFC8B5}.Release|Any CPU.Build.0 = Release|Any CPU
		{DC7909A3-F790-49AE-BF6F-81B8C5844E7A}.Debug|Any CPU.ActiveCfg = Debug|Any CPU
		{DC7909A3-F790-49AE-BF6F-81B8C5844E7A}.Debug|Any CPU.Build.0 = Debug|Any CPU
		{DC7909A3-F790-49AE-BF6F-81B8C5844E7A}.Release|Any CPU.ActiveCfg = Release|Any CPU
		{DC7909A3-F790-49AE-BF6F-81B8C5844E7A}.Release|Any CPU.Build.0 = Release|Any CPU
		{80B925B3-E4E2-4BFF-A30E-90BA49247DBB}.Debug|Any CPU.ActiveCfg = Debug|Any CPU
		{80B925B3-E4E2-4BFF-A30E-90BA49247DBB}.Debug|Any CPU.Build.0 = Debug|Any CPU
		{80B925B3-E4E2-4BFF-A30E-90BA49247DBB}.Release|Any CPU.ActiveCfg = Release|Any CPU
		{80B925B3-E4E2-4BFF-A30E-90BA49247DBB}.Release|Any CPU.Build.0 = Release|Any CPU
		{A3227FBB-A11B-4E36-B47C-E6FF414AC20C}.Debug|Any CPU.ActiveCfg = Debug|Any CPU
		{A3227FBB-A11B-4E36-B47C-E6FF414AC20C}.Debug|Any CPU.Build.0 = Debug|Any CPU
		{A3227FBB-A11B-4E36-B47C-E6FF414AC20C}.Release|Any CPU.ActiveCfg = Release|Any CPU
		{A3227FBB-A11B-4E36-B47C-E6FF414AC20C}.Release|Any CPU.Build.0 = Release|Any CPU
		{656D8C56-7DA4-48E8-BC6C-1C45DE54C3D2}.Debug|Any CPU.ActiveCfg = Debug|Any CPU
		{656D8C56-7DA4-48E8-BC6C-1C45DE54C3D2}.Debug|Any CPU.Build.0 = Debug|Any CPU
		{656D8C56-7DA4-48E8-BC6C-1C45DE54C3D2}.Release|Any CPU.ActiveCfg = Release|Any CPU
		{656D8C56-7DA4-48E8-BC6C-1C45DE54C3D2}.Release|Any CPU.Build.0 = Release|Any CPU
		{37776D8F-63CF-4B65-B9E9-067091480C4F}.Debug|Any CPU.ActiveCfg = Debug|Any CPU
		{37776D8F-63CF-4B65-B9E9-067091480C4F}.Debug|Any CPU.Build.0 = Debug|Any CPU
		{37776D8F-63CF-4B65-B9E9-067091480C4F}.Release|Any CPU.ActiveCfg = Release|Any CPU
		{37776D8F-63CF-4B65-B9E9-067091480C4F}.Release|Any CPU.Build.0 = Release|Any CPU
		{F7D4E2F1-DD97-4AB8-AD84-B7D9230E1930}.Debug|Any CPU.ActiveCfg = Debug|Any CPU
		{F7D4E2F1-DD97-4AB8-AD84-B7D9230E1930}.Debug|Any CPU.Build.0 = Debug|Any CPU
		{F7D4E2F1-DD97-4AB8-AD84-B7D9230E1930}.Release|Any CPU.ActiveCfg = Release|Any CPU
		{F7D4E2F1-DD97-4AB8-AD84-B7D9230E1930}.Release|Any CPU.Build.0 = Release|Any CPU
		{070D274D-806D-4BDF-8743-DF034D459022}.Debug|Any CPU.ActiveCfg = Debug|Any CPU
		{070D274D-806D-4BDF-8743-DF034D459022}.Debug|Any CPU.Build.0 = Debug|Any CPU
		{070D274D-806D-4BDF-8743-DF034D459022}.Release|Any CPU.ActiveCfg = Release|Any CPU
		{070D274D-806D-4BDF-8743-DF034D459022}.Release|Any CPU.Build.0 = Release|Any CPU
		{E348C67B-E8AC-4D14-AB16-5E9F1926690B}.Debug|Any CPU.ActiveCfg = Debug|Any CPU
		{E348C67B-E8AC-4D14-AB16-5E9F1926690B}.Debug|Any CPU.Build.0 = Debug|Any CPU
		{E348C67B-E8AC-4D14-AB16-5E9F1926690B}.Release|Any CPU.ActiveCfg = Release|Any CPU
		{E348C67B-E8AC-4D14-AB16-5E9F1926690B}.Release|Any CPU.Build.0 = Release|Any CPU
		{A90A1C5B-B7E4-4548-927D-F720986379CC}.Debug|Any CPU.ActiveCfg = Debug|Any CPU
		{A90A1C5B-B7E4-4548-927D-F720986379CC}.Debug|Any CPU.Build.0 = Debug|Any CPU
		{A90A1C5B-B7E4-4548-927D-F720986379CC}.Release|Any CPU.ActiveCfg = Release|Any CPU
		{A90A1C5B-B7E4-4548-927D-F720986379CC}.Release|Any CPU.Build.0 = Release|Any CPU
		{BCAAAFB6-7E06-44A6-B9C3-2D6CF70EC282}.Debug|Any CPU.ActiveCfg = Debug|Any CPU
		{BCAAAFB6-7E06-44A6-B9C3-2D6CF70EC282}.Debug|Any CPU.Build.0 = Debug|Any CPU
		{BCAAAFB6-7E06-44A6-B9C3-2D6CF70EC282}.Release|Any CPU.ActiveCfg = Release|Any CPU
		{BCAAAFB6-7E06-44A6-B9C3-2D6CF70EC282}.Release|Any CPU.Build.0 = Release|Any CPU
		{9A30D32F-6272-4AD7-A16E-1A8A0585EEE0}.Debug|Any CPU.ActiveCfg = Debug|Any CPU
		{9A30D32F-6272-4AD7-A16E-1A8A0585EEE0}.Debug|Any CPU.Build.0 = Debug|Any CPU
		{9A30D32F-6272-4AD7-A16E-1A8A0585EEE0}.Release|Any CPU.ActiveCfg = Release|Any CPU
		{9A30D32F-6272-4AD7-A16E-1A8A0585EEE0}.Release|Any CPU.Build.0 = Release|Any CPU
		{3444B8CB-9C3A-418A-B92B-24D9C4D0D420}.Debug|Any CPU.ActiveCfg = Debug|Any CPU
		{3444B8CB-9C3A-418A-B92B-24D9C4D0D420}.Debug|Any CPU.Build.0 = Debug|Any CPU
		{3444B8CB-9C3A-418A-B92B-24D9C4D0D420}.Release|Any CPU.ActiveCfg = Release|Any CPU
		{3444B8CB-9C3A-418A-B92B-24D9C4D0D420}.Release|Any CPU.Build.0 = Release|Any CPU
		{9CFF0C06-F1C2-4993-80F9-5981771A040C}.Debug|Any CPU.ActiveCfg = Debug|Any CPU
		{9CFF0C06-F1C2-4993-80F9-5981771A040C}.Debug|Any CPU.Build.0 = Debug|Any CPU
		{9CFF0C06-F1C2-4993-80F9-5981771A040C}.Release|Any CPU.ActiveCfg = Release|Any CPU
		{9CFF0C06-F1C2-4993-80F9-5981771A040C}.Release|Any CPU.Build.0 = Release|Any CPU
		{D5329E7F-9867-4824-811D-32AD1B332CF0}.Debug|Any CPU.ActiveCfg = Debug|Any CPU
		{D5329E7F-9867-4824-811D-32AD1B332CF0}.Debug|Any CPU.Build.0 = Debug|Any CPU
		{D5329E7F-9867-4824-811D-32AD1B332CF0}.Release|Any CPU.ActiveCfg = Release|Any CPU
		{D5329E7F-9867-4824-811D-32AD1B332CF0}.Release|Any CPU.Build.0 = Release|Any CPU
		{A419B6B9-F8F1-4631-81D3-8F955B9EFC84}.Debug|Any CPU.ActiveCfg = Debug|Any CPU
		{A419B6B9-F8F1-4631-81D3-8F955B9EFC84}.Debug|Any CPU.Build.0 = Debug|Any CPU
		{A419B6B9-F8F1-4631-81D3-8F955B9EFC84}.Release|Any CPU.ActiveCfg = Release|Any CPU
		{A419B6B9-F8F1-4631-81D3-8F955B9EFC84}.Release|Any CPU.Build.0 = Release|Any CPU
		{BEF76261-9423-4AC7-9952-B81A4550555D}.Debug|Any CPU.ActiveCfg = Debug|Any CPU
		{BEF76261-9423-4AC7-9952-B81A4550555D}.Debug|Any CPU.Build.0 = Debug|Any CPU
		{BEF76261-9423-4AC7-9952-B81A4550555D}.Release|Any CPU.ActiveCfg = Release|Any CPU
		{BEF76261-9423-4AC7-9952-B81A4550555D}.Release|Any CPU.Build.0 = Release|Any CPU
		{438CD725-7A75-4EFD-90BD-A016D5647B27}.Debug|Any CPU.ActiveCfg = Debug|Any CPU
		{438CD725-7A75-4EFD-90BD-A016D5647B27}.Debug|Any CPU.Build.0 = Debug|Any CPU
		{438CD725-7A75-4EFD-90BD-A016D5647B27}.Release|Any CPU.ActiveCfg = Release|Any CPU
		{438CD725-7A75-4EFD-90BD-A016D5647B27}.Release|Any CPU.Build.0 = Release|Any CPU
		{B54BFE9B-BA84-4BB0-BE18-B7A41BF81763}.Debug|Any CPU.ActiveCfg = Debug|Any CPU
		{B54BFE9B-BA84-4BB0-BE18-B7A41BF81763}.Debug|Any CPU.Build.0 = Debug|Any CPU
		{B54BFE9B-BA84-4BB0-BE18-B7A41BF81763}.Release|Any CPU.ActiveCfg = Release|Any CPU
		{B54BFE9B-BA84-4BB0-BE18-B7A41BF81763}.Release|Any CPU.Build.0 = Release|Any CPU
		{5D9710A5-C1C0-4E04-B3B4-3A7099E7BC16}.Debug|Any CPU.ActiveCfg = Debug|Any CPU
		{5D9710A5-C1C0-4E04-B3B4-3A7099E7BC16}.Debug|Any CPU.Build.0 = Debug|Any CPU
		{5D9710A5-C1C0-4E04-B3B4-3A7099E7BC16}.Release|Any CPU.ActiveCfg = Release|Any CPU
		{5D9710A5-C1C0-4E04-B3B4-3A7099E7BC16}.Release|Any CPU.Build.0 = Release|Any CPU
		{C26829D9-5363-4BE3-A19F-F4B6FE7559EB}.Debug|Any CPU.ActiveCfg = Debug|Any CPU
		{C26829D9-5363-4BE3-A19F-F4B6FE7559EB}.Debug|Any CPU.Build.0 = Debug|Any CPU
		{C26829D9-5363-4BE3-A19F-F4B6FE7559EB}.Release|Any CPU.ActiveCfg = Release|Any CPU
		{C26829D9-5363-4BE3-A19F-F4B6FE7559EB}.Release|Any CPU.Build.0 = Release|Any CPU
		{98501455-0E15-4E98-935A-6B8908B5111C}.Debug|Any CPU.ActiveCfg = Debug|Any CPU
		{98501455-0E15-4E98-935A-6B8908B5111C}.Debug|Any CPU.Build.0 = Debug|Any CPU
		{98501455-0E15-4E98-935A-6B8908B5111C}.Release|Any CPU.ActiveCfg = Release|Any CPU
		{98501455-0E15-4E98-935A-6B8908B5111C}.Release|Any CPU.Build.0 = Release|Any CPU
		{E8EA1B72-8A15-4A5B-A6F1-F13FC3BB247F}.Debug|Any CPU.ActiveCfg = Debug|Any CPU
		{E8EA1B72-8A15-4A5B-A6F1-F13FC3BB247F}.Debug|Any CPU.Build.0 = Debug|Any CPU
		{E8EA1B72-8A15-4A5B-A6F1-F13FC3BB247F}.Release|Any CPU.ActiveCfg = Release|Any CPU
		{E8EA1B72-8A15-4A5B-A6F1-F13FC3BB247F}.Release|Any CPU.Build.0 = Release|Any CPU
		{5A98AD11-E4B1-4796-B3EE-EA1AB3B725D1}.Debug|Any CPU.ActiveCfg = Debug|Any CPU
		{5A98AD11-E4B1-4796-B3EE-EA1AB3B725D1}.Debug|Any CPU.Build.0 = Debug|Any CPU
		{5A98AD11-E4B1-4796-B3EE-EA1AB3B725D1}.Release|Any CPU.ActiveCfg = Release|Any CPU
		{5A98AD11-E4B1-4796-B3EE-EA1AB3B725D1}.Release|Any CPU.Build.0 = Release|Any CPU
		{8CDD1E9C-1CF4-4FC4-994E-2481BF8CF090}.Debug|Any CPU.ActiveCfg = Debug|Any CPU
		{8CDD1E9C-1CF4-4FC4-994E-2481BF8CF090}.Debug|Any CPU.Build.0 = Debug|Any CPU
		{8CDD1E9C-1CF4-4FC4-994E-2481BF8CF090}.Release|Any CPU.ActiveCfg = Release|Any CPU
		{8CDD1E9C-1CF4-4FC4-994E-2481BF8CF090}.Release|Any CPU.Build.0 = Release|Any CPU
		{DB84332C-7E0C-42BD-8389-5E175D915FE2}.Debug|Any CPU.ActiveCfg = Debug|Any CPU
		{DB84332C-7E0C-42BD-8389-5E175D915FE2}.Debug|Any CPU.Build.0 = Debug|Any CPU
		{DB84332C-7E0C-42BD-8389-5E175D915FE2}.Release|Any CPU.ActiveCfg = Release|Any CPU
		{DB84332C-7E0C-42BD-8389-5E175D915FE2}.Release|Any CPU.Build.0 = Release|Any CPU
		{B02A2B9B-323E-44DD-BE37-1C9A35D4BE13}.Debug|Any CPU.ActiveCfg = Debug|Any CPU
		{B02A2B9B-323E-44DD-BE37-1C9A35D4BE13}.Debug|Any CPU.Build.0 = Debug|Any CPU
		{B02A2B9B-323E-44DD-BE37-1C9A35D4BE13}.Release|Any CPU.ActiveCfg = Release|Any CPU
		{B02A2B9B-323E-44DD-BE37-1C9A35D4BE13}.Release|Any CPU.Build.0 = Release|Any CPU
		{097F202A-8F59-4867-96C1-5100FE0655A6}.Debug|Any CPU.ActiveCfg = Debug|Any CPU
		{097F202A-8F59-4867-96C1-5100FE0655A6}.Debug|Any CPU.Build.0 = Debug|Any CPU
		{097F202A-8F59-4867-96C1-5100FE0655A6}.Release|Any CPU.ActiveCfg = Release|Any CPU
		{097F202A-8F59-4867-96C1-5100FE0655A6}.Release|Any CPU.Build.0 = Release|Any CPU
		{BB1697E3-0F85-4C75-A455-DDD334861606}.Debug|Any CPU.ActiveCfg = Debug|Any CPU
		{BB1697E3-0F85-4C75-A455-DDD334861606}.Debug|Any CPU.Build.0 = Debug|Any CPU
		{BB1697E3-0F85-4C75-A455-DDD334861606}.Release|Any CPU.ActiveCfg = Release|Any CPU
		{BB1697E3-0F85-4C75-A455-DDD334861606}.Release|Any CPU.Build.0 = Release|Any CPU
		{B7194797-F7C1-4EE4-A22B-FAB89E30FBE2}.Debug|Any CPU.ActiveCfg = Debug|Any CPU
		{B7194797-F7C1-4EE4-A22B-FAB89E30FBE2}.Debug|Any CPU.Build.0 = Debug|Any CPU
		{B7194797-F7C1-4EE4-A22B-FAB89E30FBE2}.Release|Any CPU.ActiveCfg = Release|Any CPU
		{B7194797-F7C1-4EE4-A22B-FAB89E30FBE2}.Release|Any CPU.Build.0 = Release|Any CPU
		{4D393C33-220F-495D-A482-FBFE5761252E}.Debug|Any CPU.ActiveCfg = Debug|Any CPU
		{4D393C33-220F-495D-A482-FBFE5761252E}.Debug|Any CPU.Build.0 = Debug|Any CPU
		{4D393C33-220F-495D-A482-FBFE5761252E}.Release|Any CPU.ActiveCfg = Release|Any CPU
		{4D393C33-220F-495D-A482-FBFE5761252E}.Release|Any CPU.Build.0 = Release|Any CPU
		{A3044D54-1CD6-41F8-9D47-53A5948D924B}.Debug|Any CPU.ActiveCfg = Debug|Any CPU
		{A3044D54-1CD6-41F8-9D47-53A5948D924B}.Debug|Any CPU.Build.0 = Debug|Any CPU
		{A3044D54-1CD6-41F8-9D47-53A5948D924B}.Release|Any CPU.ActiveCfg = Release|Any CPU
		{A3044D54-1CD6-41F8-9D47-53A5948D924B}.Release|Any CPU.Build.0 = Release|Any CPU
		{10AE8B21-15EB-4E08-B492-9BC1AB10A512}.Debug|Any CPU.ActiveCfg = Debug|Any CPU
		{10AE8B21-15EB-4E08-B492-9BC1AB10A512}.Debug|Any CPU.Build.0 = Debug|Any CPU
		{10AE8B21-15EB-4E08-B492-9BC1AB10A512}.Release|Any CPU.ActiveCfg = Release|Any CPU
		{10AE8B21-15EB-4E08-B492-9BC1AB10A512}.Release|Any CPU.Build.0 = Release|Any CPU
		{5E2E70F5-D251-4771-B571-B838EB8331B9}.Debug|Any CPU.ActiveCfg = Debug|Any CPU
		{5E2E70F5-D251-4771-B571-B838EB8331B9}.Debug|Any CPU.Build.0 = Debug|Any CPU
		{5E2E70F5-D251-4771-B571-B838EB8331B9}.Release|Any CPU.ActiveCfg = Release|Any CPU
		{5E2E70F5-D251-4771-B571-B838EB8331B9}.Release|Any CPU.Build.0 = Release|Any CPU
		{706527E6-29B7-40A0-ACDF-076C53B7740D}.Debug|Any CPU.ActiveCfg = Debug|Any CPU
		{706527E6-29B7-40A0-ACDF-076C53B7740D}.Debug|Any CPU.Build.0 = Debug|Any CPU
		{706527E6-29B7-40A0-ACDF-076C53B7740D}.Release|Any CPU.ActiveCfg = Release|Any CPU
		{706527E6-29B7-40A0-ACDF-076C53B7740D}.Release|Any CPU.Build.0 = Release|Any CPU
		{D183E349-8834-4028-9F05-415F703BC07E}.Debug|Any CPU.ActiveCfg = Debug|Any CPU
		{D183E349-8834-4028-9F05-415F703BC07E}.Debug|Any CPU.Build.0 = Debug|Any CPU
		{D183E349-8834-4028-9F05-415F703BC07E}.Release|Any CPU.ActiveCfg = Release|Any CPU
		{D183E349-8834-4028-9F05-415F703BC07E}.Release|Any CPU.Build.0 = Release|Any CPU
		{79425644-FC46-4219-9CE2-6FD8BCC6B364}.Debug|Any CPU.ActiveCfg = Debug|Any CPU
		{79425644-FC46-4219-9CE2-6FD8BCC6B364}.Debug|Any CPU.Build.0 = Debug|Any CPU
		{79425644-FC46-4219-9CE2-6FD8BCC6B364}.Release|Any CPU.ActiveCfg = Release|Any CPU
		{79425644-FC46-4219-9CE2-6FD8BCC6B364}.Release|Any CPU.Build.0 = Release|Any CPU
		{59939F0C-6EE6-498B-90CD-070B5E57E4FB}.Debug|Any CPU.ActiveCfg = Debug|Any CPU
		{59939F0C-6EE6-498B-90CD-070B5E57E4FB}.Debug|Any CPU.Build.0 = Debug|Any CPU
		{59939F0C-6EE6-498B-90CD-070B5E57E4FB}.Release|Any CPU.ActiveCfg = Release|Any CPU
		{59939F0C-6EE6-498B-90CD-070B5E57E4FB}.Release|Any CPU.Build.0 = Release|Any CPU
		{809E8915-DBCB-4EC8-8EE7-D1D4D74F7B9E}.Debug|Any CPU.ActiveCfg = Debug|Any CPU
		{809E8915-DBCB-4EC8-8EE7-D1D4D74F7B9E}.Debug|Any CPU.Build.0 = Debug|Any CPU
		{809E8915-DBCB-4EC8-8EE7-D1D4D74F7B9E}.Release|Any CPU.ActiveCfg = Release|Any CPU
		{809E8915-DBCB-4EC8-8EE7-D1D4D74F7B9E}.Release|Any CPU.Build.0 = Release|Any CPU
		{063091B7-30A7-4C50-8225-77D7DE7E2F48}.Debug|Any CPU.ActiveCfg = Debug|Any CPU
		{063091B7-30A7-4C50-8225-77D7DE7E2F48}.Debug|Any CPU.Build.0 = Debug|Any CPU
		{063091B7-30A7-4C50-8225-77D7DE7E2F48}.Release|Any CPU.ActiveCfg = Release|Any CPU
		{063091B7-30A7-4C50-8225-77D7DE7E2F48}.Release|Any CPU.Build.0 = Release|Any CPU
		{C70063EC-044A-4156-8D90-033B40F07C3A}.Debug|Any CPU.ActiveCfg = Debug|Any CPU
		{C70063EC-044A-4156-8D90-033B40F07C3A}.Debug|Any CPU.Build.0 = Debug|Any CPU
		{C70063EC-044A-4156-8D90-033B40F07C3A}.Release|Any CPU.ActiveCfg = Release|Any CPU
		{C70063EC-044A-4156-8D90-033B40F07C3A}.Release|Any CPU.Build.0 = Release|Any CPU
		{FF6D686F-5673-4C30-9AC9-95DD666D9BE1}.Debug|Any CPU.ActiveCfg = Debug|Any CPU
		{FF6D686F-5673-4C30-9AC9-95DD666D9BE1}.Debug|Any CPU.Build.0 = Debug|Any CPU
		{FF6D686F-5673-4C30-9AC9-95DD666D9BE1}.Release|Any CPU.ActiveCfg = Release|Any CPU
		{FF6D686F-5673-4C30-9AC9-95DD666D9BE1}.Release|Any CPU.Build.0 = Release|Any CPU
		{F0E8B912-66EA-46E7-BC99-3BDBA279B951}.Debug|Any CPU.ActiveCfg = Debug|Any CPU
		{F0E8B912-66EA-46E7-BC99-3BDBA279B951}.Debug|Any CPU.Build.0 = Debug|Any CPU
		{F0E8B912-66EA-46E7-BC99-3BDBA279B951}.Release|Any CPU.ActiveCfg = Release|Any CPU
		{F0E8B912-66EA-46E7-BC99-3BDBA279B951}.Release|Any CPU.Build.0 = Release|Any CPU
		{DD064306-867A-4953-9409-889AE4D4CC11}.Debug|Any CPU.ActiveCfg = Debug|Any CPU
		{DD064306-867A-4953-9409-889AE4D4CC11}.Debug|Any CPU.Build.0 = Debug|Any CPU
		{DD064306-867A-4953-9409-889AE4D4CC11}.Release|Any CPU.ActiveCfg = Release|Any CPU
		{DD064306-867A-4953-9409-889AE4D4CC11}.Release|Any CPU.Build.0 = Release|Any CPU
		{7ED3AA1A-0FAB-4212-9A69-6CCFC75CE12B}.Debug|Any CPU.ActiveCfg = Debug|Any CPU
		{7ED3AA1A-0FAB-4212-9A69-6CCFC75CE12B}.Debug|Any CPU.Build.0 = Debug|Any CPU
		{7ED3AA1A-0FAB-4212-9A69-6CCFC75CE12B}.Release|Any CPU.ActiveCfg = Release|Any CPU
		{7ED3AA1A-0FAB-4212-9A69-6CCFC75CE12B}.Release|Any CPU.Build.0 = Release|Any CPU
		{2B068EC3-90F4-40C2-89C0-A12786460511}.Debug|Any CPU.ActiveCfg = Debug|Any CPU
		{2B068EC3-90F4-40C2-89C0-A12786460511}.Debug|Any CPU.Build.0 = Debug|Any CPU
		{2B068EC3-90F4-40C2-89C0-A12786460511}.Release|Any CPU.ActiveCfg = Release|Any CPU
		{2B068EC3-90F4-40C2-89C0-A12786460511}.Release|Any CPU.Build.0 = Release|Any CPU
		{48F153D0-308B-4104-B4CB-2596D5144FC0}.Debug|Any CPU.ActiveCfg = Debug|Any CPU
		{48F153D0-308B-4104-B4CB-2596D5144FC0}.Debug|Any CPU.Build.0 = Debug|Any CPU
		{48F153D0-308B-4104-B4CB-2596D5144FC0}.Release|Any CPU.ActiveCfg = Release|Any CPU
		{48F153D0-308B-4104-B4CB-2596D5144FC0}.Release|Any CPU.Build.0 = Release|Any CPU
		{FDBE4886-A04D-4FE1-A74E-24B94B4FE5CC}.Debug|Any CPU.ActiveCfg = Debug|Any CPU
		{FDBE4886-A04D-4FE1-A74E-24B94B4FE5CC}.Debug|Any CPU.Build.0 = Debug|Any CPU
		{FDBE4886-A04D-4FE1-A74E-24B94B4FE5CC}.Release|Any CPU.ActiveCfg = Release|Any CPU
		{FDBE4886-A04D-4FE1-A74E-24B94B4FE5CC}.Release|Any CPU.Build.0 = Release|Any CPU
		{8B6A77D3-8F68-4D10-9731-CCFED5A4C15A}.Debug|Any CPU.ActiveCfg = Debug|Any CPU
		{8B6A77D3-8F68-4D10-9731-CCFED5A4C15A}.Debug|Any CPU.Build.0 = Debug|Any CPU
		{8B6A77D3-8F68-4D10-9731-CCFED5A4C15A}.Release|Any CPU.ActiveCfg = Release|Any CPU
		{8B6A77D3-8F68-4D10-9731-CCFED5A4C15A}.Release|Any CPU.Build.0 = Release|Any CPU
		{2331C573-31DF-4B32-8FB4-48E40D3BAB34}.Debug|Any CPU.ActiveCfg = Debug|Any CPU
		{2331C573-31DF-4B32-8FB4-48E40D3BAB34}.Debug|Any CPU.Build.0 = Debug|Any CPU
		{2331C573-31DF-4B32-8FB4-48E40D3BAB34}.Release|Any CPU.ActiveCfg = Release|Any CPU
		{2331C573-31DF-4B32-8FB4-48E40D3BAB34}.Release|Any CPU.Build.0 = Release|Any CPU
		{28E4552C-1F23-4DF9-B81C-16BE8741CD16}.Debug|Any CPU.ActiveCfg = Debug|Any CPU
		{28E4552C-1F23-4DF9-B81C-16BE8741CD16}.Debug|Any CPU.Build.0 = Debug|Any CPU
		{28E4552C-1F23-4DF9-B81C-16BE8741CD16}.Release|Any CPU.ActiveCfg = Release|Any CPU
		{28E4552C-1F23-4DF9-B81C-16BE8741CD16}.Release|Any CPU.Build.0 = Release|Any CPU
		{07F11952-2951-4F4F-B6D2-A701E8593EC7}.Debug|Any CPU.ActiveCfg = Debug|Any CPU
		{07F11952-2951-4F4F-B6D2-A701E8593EC7}.Debug|Any CPU.Build.0 = Debug|Any CPU
		{07F11952-2951-4F4F-B6D2-A701E8593EC7}.Release|Any CPU.ActiveCfg = Release|Any CPU
		{07F11952-2951-4F4F-B6D2-A701E8593EC7}.Release|Any CPU.Build.0 = Release|Any CPU
		{6599F307-B146-43B2-ADF7-E6CD7B89146C}.Debug|Any CPU.ActiveCfg = Debug|Any CPU
		{6599F307-B146-43B2-ADF7-E6CD7B89146C}.Debug|Any CPU.Build.0 = Debug|Any CPU
		{6599F307-B146-43B2-ADF7-E6CD7B89146C}.Release|Any CPU.ActiveCfg = Release|Any CPU
		{6599F307-B146-43B2-ADF7-E6CD7B89146C}.Release|Any CPU.Build.0 = Release|Any CPU
		{862EA4E5-586C-4640-B9A1-CFE051318775}.Debug|Any CPU.ActiveCfg = Debug|Any CPU
		{862EA4E5-586C-4640-B9A1-CFE051318775}.Debug|Any CPU.Build.0 = Debug|Any CPU
		{862EA4E5-586C-4640-B9A1-CFE051318775}.Release|Any CPU.ActiveCfg = Release|Any CPU
		{862EA4E5-586C-4640-B9A1-CFE051318775}.Release|Any CPU.Build.0 = Release|Any CPU
		{F7970CD4-D898-404B-8E06-66DBB27B040F}.Debug|Any CPU.ActiveCfg = Debug|Any CPU
		{F7970CD4-D898-404B-8E06-66DBB27B040F}.Debug|Any CPU.Build.0 = Debug|Any CPU
		{F7970CD4-D898-404B-8E06-66DBB27B040F}.Release|Any CPU.ActiveCfg = Release|Any CPU
		{F7970CD4-D898-404B-8E06-66DBB27B040F}.Release|Any CPU.Build.0 = Release|Any CPU
		{F6EAA82B-7C87-4752-BEF0-E03A77871F85}.Debug|Any CPU.ActiveCfg = Debug|Any CPU
		{F6EAA82B-7C87-4752-BEF0-E03A77871F85}.Debug|Any CPU.Build.0 = Debug|Any CPU
		{F6EAA82B-7C87-4752-BEF0-E03A77871F85}.Release|Any CPU.ActiveCfg = Release|Any CPU
		{F6EAA82B-7C87-4752-BEF0-E03A77871F85}.Release|Any CPU.Build.0 = Release|Any CPU
	EndGlobalSection
	GlobalSection(SolutionProperties) = preSolution
		HideSolutionNode = FALSE
	EndGlobalSection
	GlobalSection(NestedProjects) = preSolution
		{6FA32ADF-6D83-44D7-A0DF-7E7344CF320D} = {EC11525E-791D-489C-94CA-C2373CE2540B}
		{EC11525E-791D-489C-94CA-C2373CE2540B} = {225EE706-A736-4A08-8DAB-F25AED22EDB9}
		{8D8A4052-2EAF-423F-8AA9-68A987E05AB1} = {EC11525E-791D-489C-94CA-C2373CE2540B}
		{51196477-CC7A-4618-BA79-8043D712EFD1} = {EC11525E-791D-489C-94CA-C2373CE2540B}
		{E90AB4BA-BE30-468C-A1BC-6E82E9ED58E8} = {EC11525E-791D-489C-94CA-C2373CE2540B}
		{21419D11-3C0B-411D-B02C-6EA2F5692E12} = {EC11525E-791D-489C-94CA-C2373CE2540B}
		{7E03F77F-CE11-4CE4-9422-187982D6686E} = {EC11525E-791D-489C-94CA-C2373CE2540B}
		{51791CEA-909A-4AA9-957B-47057838BA9F} = {225EE706-A736-4A08-8DAB-F25AED22EDB9}
		{DAE73974-5048-4B99-A657-E4E6D16F1C30} = {51791CEA-909A-4AA9-957B-47057838BA9F}
		{6074E8F2-BCAA-4AA9-9B79-9DAB7916C7A4} = {225EE706-A736-4A08-8DAB-F25AED22EDB9}
		{2ADE4937-F567-4430-96CA-D187642D5971} = {6074E8F2-BCAA-4AA9-9B79-9DAB7916C7A4}
		{3CBEA4D0-0E0C-4D4B-92F2-D715C7D55461} = {225EE706-A736-4A08-8DAB-F25AED22EDB9}
		{8D5E775D-1262-460B-BA34-9F2D89225A2D} = {3CBEA4D0-0E0C-4D4B-92F2-D715C7D55461}
		{6EF7A442-17F3-4241-B773-44226AEEBF62} = {225EE706-A736-4A08-8DAB-F25AED22EDB9}
		{AFE91990-6AC9-4E17-B032-B2B2059931ED} = {6EF7A442-17F3-4241-B773-44226AEEBF62}
		{D37D109A-EF20-45D7-B7F9-FAB27EDD1921} = {225EE706-A736-4A08-8DAB-F25AED22EDB9}
		{E6BD2396-6C67-49B1-BC45-64BFFF082523} = {D37D109A-EF20-45D7-B7F9-FAB27EDD1921}
		{7BF534CA-D4C2-418D-9790-1F0777A67360} = {225EE706-A736-4A08-8DAB-F25AED22EDB9}
		{78A4BF72-D704-4920-BD82-052A439B9BFB} = {7BF534CA-D4C2-418D-9790-1F0777A67360}
		{B400160A-A1BD-4594-8654-E971108C5AD1} = {225EE706-A736-4A08-8DAB-F25AED22EDB9}
		{55A9038F-1EF7-4EFF-9D3A-19D6E1C21F92} = {B400160A-A1BD-4594-8654-E971108C5AD1}
		{B3ABE6DF-C08B-43F2-94FA-C1E301762FE3} = {225EE706-A736-4A08-8DAB-F25AED22EDB9}
		{8941F420-AC38-46D6-BE42-4542668B101A} = {B3ABE6DF-C08B-43F2-94FA-C1E301762FE3}
		{CBA4E2CE-9E2F-4F8A-98CD-E61FA5D19B19} = {225EE706-A736-4A08-8DAB-F25AED22EDB9}
		{929C4BA2-1D04-455B-93E7-B1A07A4517E7} = {CBA4E2CE-9E2F-4F8A-98CD-E61FA5D19B19}
		{A6708E75-D6D2-4240-9383-CB4CE9B47557} = {225EE706-A736-4A08-8DAB-F25AED22EDB9}
		{86D92046-E7F7-4CE7-91E6-1C8901024FA4} = {A6708E75-D6D2-4240-9383-CB4CE9B47557}
		{273F2D2F-D8A6-457B-BD08-0F05C3593822} = {225EE706-A736-4A08-8DAB-F25AED22EDB9}
		{2461A3CB-D14E-4DDA-8635-F43CF97108C8} = {273F2D2F-D8A6-457B-BD08-0F05C3593822}
		{4B50A20A-357E-42EA-B929-4D41CF78DB86} = {51791CEA-909A-4AA9-957B-47057838BA9F}
		{CC83E93F-B176-4874-B7DA-82EB48516C40} = {51791CEA-909A-4AA9-957B-47057838BA9F}
		{E9905A1E-AED1-4E83-BF3A-826DC648C75B} = {51791CEA-909A-4AA9-957B-47057838BA9F}
		{20D5E1F8-5294-485F-A017-A87E7C38B88F} = {51791CEA-909A-4AA9-957B-47057838BA9F}
		{67CAADB4-E8D7-431E-9465-9BFD4ABEA677} = {51791CEA-909A-4AA9-957B-47057838BA9F}
		{E7000F40-4F5B-4788-83BC-2184CF932418} = {6074E8F2-BCAA-4AA9-9B79-9DAB7916C7A4}
		{EC780253-57FA-4E3E-9A83-1DA289D9BCEA} = {6074E8F2-BCAA-4AA9-9B79-9DAB7916C7A4}
		{35138CDB-ACC1-42DB-9654-25B50E70A057} = {6074E8F2-BCAA-4AA9-9B79-9DAB7916C7A4}
		{BEE0F121-A5FC-43D9-9B35-D307147AD332} = {6074E8F2-BCAA-4AA9-9B79-9DAB7916C7A4}
		{0159530A-9708-40A4-B1A1-3CCF55552F8C} = {6074E8F2-BCAA-4AA9-9B79-9DAB7916C7A4}
		{1CEE68DF-0A80-43DB-95A0-FB0A1BE1C785} = {3CBEA4D0-0E0C-4D4B-92F2-D715C7D55461}
		{92108056-C6E6-4169-A228-EDAEDB3F970A} = {3CBEA4D0-0E0C-4D4B-92F2-D715C7D55461}
		{3DF802DF-1CCC-4546-BFB3-AF343902F0AC} = {3CBEA4D0-0E0C-4D4B-92F2-D715C7D55461}
		{C0BED57C-93DC-45FF-B8F6-556E7C54F712} = {3CBEA4D0-0E0C-4D4B-92F2-D715C7D55461}
		{2DD5FC6F-37A1-4722-949E-1DCBAD88E2A5} = {3CBEA4D0-0E0C-4D4B-92F2-D715C7D55461}
		{87E96113-4BCD-4BDC-B8EF-892A0774EA82} = {6EF7A442-17F3-4241-B773-44226AEEBF62}
		{017E05FE-BAC1-4F07-A163-0C8FF6810549} = {6EF7A442-17F3-4241-B773-44226AEEBF62}
		{A9C34959-3193-4436-AB03-4928473DD6CB} = {6EF7A442-17F3-4241-B773-44226AEEBF62}
		{B53D7642-6BF6-4D4B-9B7A-E4B3F41DBE13} = {6EF7A442-17F3-4241-B773-44226AEEBF62}
		{9CA5A3E4-7BAE-4566-8B15-F6D2D5938333} = {6EF7A442-17F3-4241-B773-44226AEEBF62}
		{52BFAF05-EB81-4A22-AE7C-3BA2FA676F77} = {D37D109A-EF20-45D7-B7F9-FAB27EDD1921}
		{D071544A-B529-4C2B-86F5-3A041EEBDDC2} = {D37D109A-EF20-45D7-B7F9-FAB27EDD1921}
		{F6B00B44-72D3-4AF6-AD14-3B004CAEA466} = {D37D109A-EF20-45D7-B7F9-FAB27EDD1921}
		{41430D60-803D-47DF-B053-4A2FFD411F62} = {D37D109A-EF20-45D7-B7F9-FAB27EDD1921}
		{50D10D2C-391B-4561-B54F-FC0A96B3DFE2} = {D37D109A-EF20-45D7-B7F9-FAB27EDD1921}
		{B26407C7-8B82-4D82-B057-423385746ACA} = {7BF534CA-D4C2-418D-9790-1F0777A67360}
		{9111F35A-9D54-4AC4-A928-C238A640944F} = {7BF534CA-D4C2-418D-9790-1F0777A67360}
		{1A6C8E67-E73D-448B-A50C-637FF4355E5E} = {7BF534CA-D4C2-418D-9790-1F0777A67360}
		{FF71EF3C-029D-4D8A-83F8-57853753EC37} = {7BF534CA-D4C2-418D-9790-1F0777A67360}
		{DEE868A9-0B2C-4AA8-8A9D-BA29A528F623} = {7BF534CA-D4C2-418D-9790-1F0777A67360}
		{57A3AC6B-BDBC-4D48-861E-87B71DE18E02} = {B400160A-A1BD-4594-8654-E971108C5AD1}
		{C27609F1-E1F9-4522-B5EB-50DF71BBAA22} = {B400160A-A1BD-4594-8654-E971108C5AD1}
		{973189FE-6CD6-4F67-ADF9-E53D15627B71} = {B400160A-A1BD-4594-8654-E971108C5AD1}
		{0638D06A-5D0D-43EA-9693-3415A713ABDE} = {B400160A-A1BD-4594-8654-E971108C5AD1}
		{6ACCE0F0-EE29-4C55-A5C3-1639199EBDC3} = {B400160A-A1BD-4594-8654-E971108C5AD1}
		{7A7DC6D2-2FDD-4BDE-9699-E6B10BF58C56} = {B3ABE6DF-C08B-43F2-94FA-C1E301762FE3}
		{2DFC1FF3-5EF8-44C8-B1ED-2734A4AA25EF} = {B3ABE6DF-C08B-43F2-94FA-C1E301762FE3}
		{46F181AB-9754-4596-983B-963AE5D0A36E} = {B3ABE6DF-C08B-43F2-94FA-C1E301762FE3}
		{7BEADBFD-CA02-474A-8EDC-9FBA0C27A72A} = {B3ABE6DF-C08B-43F2-94FA-C1E301762FE3}
		{B2680B55-14D7-40DE-93C2-CF289FD3AC10} = {B3ABE6DF-C08B-43F2-94FA-C1E301762FE3}
		{2B6BD3F2-3E8E-49BE-AC23-8B74684D1BC9} = {CBA4E2CE-9E2F-4F8A-98CD-E61FA5D19B19}
		{115840A1-BBD3-4553-9195-E63B6612645C} = {CBA4E2CE-9E2F-4F8A-98CD-E61FA5D19B19}
		{DF65DE2D-3A12-4211-99EC-653C84373023} = {CBA4E2CE-9E2F-4F8A-98CD-E61FA5D19B19}
		{63F62229-3ED8-4E2B-BA56-D0555D473B2B} = {CBA4E2CE-9E2F-4F8A-98CD-E61FA5D19B19}
		{CD59CD1E-C464-4789-8574-66ADC92AF7AC} = {CBA4E2CE-9E2F-4F8A-98CD-E61FA5D19B19}
		{9806D9EA-72D0-4E35-9B77-92EF995FB569} = {A6708E75-D6D2-4240-9383-CB4CE9B47557}
		{8255EA7F-92FB-44E3-B143-F31DECE7771D} = {A6708E75-D6D2-4240-9383-CB4CE9B47557}
		{74661F32-BA29-44D3-B1CC-AB51E2DFC8B5} = {A6708E75-D6D2-4240-9383-CB4CE9B47557}
		{DC7909A3-F790-49AE-BF6F-81B8C5844E7A} = {A6708E75-D6D2-4240-9383-CB4CE9B47557}
		{80B925B3-E4E2-4BFF-A30E-90BA49247DBB} = {A6708E75-D6D2-4240-9383-CB4CE9B47557}
		{A3227FBB-A11B-4E36-B47C-E6FF414AC20C} = {273F2D2F-D8A6-457B-BD08-0F05C3593822}
		{656D8C56-7DA4-48E8-BC6C-1C45DE54C3D2} = {273F2D2F-D8A6-457B-BD08-0F05C3593822}
		{37776D8F-63CF-4B65-B9E9-067091480C4F} = {273F2D2F-D8A6-457B-BD08-0F05C3593822}
		{F7D4E2F1-DD97-4AB8-AD84-B7D9230E1930} = {273F2D2F-D8A6-457B-BD08-0F05C3593822}
		{070D274D-806D-4BDF-8743-DF034D459022} = {273F2D2F-D8A6-457B-BD08-0F05C3593822}
		{C6117C90-573B-48C9-9480-51B522519AE6} = {225EE706-A736-4A08-8DAB-F25AED22EDB9}
		{E348C67B-E8AC-4D14-AB16-5E9F1926690B} = {225EE706-A736-4A08-8DAB-F25AED22EDB9}
		{A90A1C5B-B7E4-4548-927D-F720986379CC} = {225EE706-A736-4A08-8DAB-F25AED22EDB9}
		{BCAAAFB6-7E06-44A6-B9C3-2D6CF70EC282} = {225EE706-A736-4A08-8DAB-F25AED22EDB9}
		{9A30D32F-6272-4AD7-A16E-1A8A0585EEE0} = {C6117C90-573B-48C9-9480-51B522519AE6}
		{3444B8CB-9C3A-418A-B92B-24D9C4D0D420} = {225EE706-A736-4A08-8DAB-F25AED22EDB9}
		{9CFF0C06-F1C2-4993-80F9-5981771A040C} = {225EE706-A736-4A08-8DAB-F25AED22EDB9}
		{72E3BD74-BEB1-47A9-ACA7-EFD246A36698} = {225EE706-A736-4A08-8DAB-F25AED22EDB9}
		{D5329E7F-9867-4824-811D-32AD1B332CF0} = {72E3BD74-BEB1-47A9-ACA7-EFD246A36698}
		{A419B6B9-F8F1-4631-81D3-8F955B9EFC84} = {72E3BD74-BEB1-47A9-ACA7-EFD246A36698}
		{BEF76261-9423-4AC7-9952-B81A4550555D} = {72E3BD74-BEB1-47A9-ACA7-EFD246A36698}
		{438CD725-7A75-4EFD-90BD-A016D5647B27} = {72E3BD74-BEB1-47A9-ACA7-EFD246A36698}
		{B54BFE9B-BA84-4BB0-BE18-B7A41BF81763} = {72E3BD74-BEB1-47A9-ACA7-EFD246A36698}
		{5D9710A5-C1C0-4E04-B3B4-3A7099E7BC16} = {72E3BD74-BEB1-47A9-ACA7-EFD246A36698}
		{53F8B716-F860-4781-95B8-EF6FB9B49720} = {225EE706-A736-4A08-8DAB-F25AED22EDB9}
		{C26829D9-5363-4BE3-A19F-F4B6FE7559EB} = {53F8B716-F860-4781-95B8-EF6FB9B49720}
		{98501455-0E15-4E98-935A-6B8908B5111C} = {53F8B716-F860-4781-95B8-EF6FB9B49720}
		{E8EA1B72-8A15-4A5B-A6F1-F13FC3BB247F} = {53F8B716-F860-4781-95B8-EF6FB9B49720}
		{5A98AD11-E4B1-4796-B3EE-EA1AB3B725D1} = {53F8B716-F860-4781-95B8-EF6FB9B49720}
		{8CDD1E9C-1CF4-4FC4-994E-2481BF8CF090} = {53F8B716-F860-4781-95B8-EF6FB9B49720}
		{DB84332C-7E0C-42BD-8389-5E175D915FE2} = {53F8B716-F860-4781-95B8-EF6FB9B49720}
		{419C52B8-FE49-49DC-889A-C96A827FF274} = {225EE706-A736-4A08-8DAB-F25AED22EDB9}
		{B02A2B9B-323E-44DD-BE37-1C9A35D4BE13} = {419C52B8-FE49-49DC-889A-C96A827FF274}
		{097F202A-8F59-4867-96C1-5100FE0655A6} = {419C52B8-FE49-49DC-889A-C96A827FF274}
		{BB1697E3-0F85-4C75-A455-DDD334861606} = {419C52B8-FE49-49DC-889A-C96A827FF274}
		{B7194797-F7C1-4EE4-A22B-FAB89E30FBE2} = {419C52B8-FE49-49DC-889A-C96A827FF274}
		{4D393C33-220F-495D-A482-FBFE5761252E} = {419C52B8-FE49-49DC-889A-C96A827FF274}
		{A3044D54-1CD6-41F8-9D47-53A5948D924B} = {419C52B8-FE49-49DC-889A-C96A827FF274}
		{C0306723-98BA-469D-AC8A-11DBD5388B0D} = {225EE706-A736-4A08-8DAB-F25AED22EDB9}
		{10AE8B21-15EB-4E08-B492-9BC1AB10A512} = {C0306723-98BA-469D-AC8A-11DBD5388B0D}
		{5E2E70F5-D251-4771-B571-B838EB8331B9} = {C0306723-98BA-469D-AC8A-11DBD5388B0D}
		{706527E6-29B7-40A0-ACDF-076C53B7740D} = {C0306723-98BA-469D-AC8A-11DBD5388B0D}
		{D183E349-8834-4028-9F05-415F703BC07E} = {C0306723-98BA-469D-AC8A-11DBD5388B0D}
		{79425644-FC46-4219-9CE2-6FD8BCC6B364} = {C0306723-98BA-469D-AC8A-11DBD5388B0D}
		{59939F0C-6EE6-498B-90CD-070B5E57E4FB} = {C0306723-98BA-469D-AC8A-11DBD5388B0D}
		{F0D2E93C-22F4-45E5-A2C3-CBC548BAEE44} = {225EE706-A736-4A08-8DAB-F25AED22EDB9}
		{809E8915-DBCB-4EC8-8EE7-D1D4D74F7B9E} = {F0D2E93C-22F4-45E5-A2C3-CBC548BAEE44}
		{063091B7-30A7-4C50-8225-77D7DE7E2F48} = {F0D2E93C-22F4-45E5-A2C3-CBC548BAEE44}
		{C70063EC-044A-4156-8D90-033B40F07C3A} = {F0D2E93C-22F4-45E5-A2C3-CBC548BAEE44}
		{FF6D686F-5673-4C30-9AC9-95DD666D9BE1} = {F0D2E93C-22F4-45E5-A2C3-CBC548BAEE44}
		{F0E8B912-66EA-46E7-BC99-3BDBA279B951} = {F0D2E93C-22F4-45E5-A2C3-CBC548BAEE44}
		{DD064306-867A-4953-9409-889AE4D4CC11} = {F0D2E93C-22F4-45E5-A2C3-CBC548BAEE44}
		{07C19C9E-317A-428F-90AF-7081E64B946D} = {225EE706-A736-4A08-8DAB-F25AED22EDB9}
		{7ED3AA1A-0FAB-4212-9A69-6CCFC75CE12B} = {07C19C9E-317A-428F-90AF-7081E64B946D}
		{2B068EC3-90F4-40C2-89C0-A12786460511} = {07C19C9E-317A-428F-90AF-7081E64B946D}
		{48F153D0-308B-4104-B4CB-2596D5144FC0} = {07C19C9E-317A-428F-90AF-7081E64B946D}
		{FDBE4886-A04D-4FE1-A74E-24B94B4FE5CC} = {07C19C9E-317A-428F-90AF-7081E64B946D}
		{8B6A77D3-8F68-4D10-9731-CCFED5A4C15A} = {07C19C9E-317A-428F-90AF-7081E64B946D}
		{2331C573-31DF-4B32-8FB4-48E40D3BAB34} = {07C19C9E-317A-428F-90AF-7081E64B946D}
		{ECA54CA6-E3DA-41D2-BF75-463C75857283} = {225EE706-A736-4A08-8DAB-F25AED22EDB9}
		{28E4552C-1F23-4DF9-B81C-16BE8741CD16} = {ECA54CA6-E3DA-41D2-BF75-463C75857283}
		{07F11952-2951-4F4F-B6D2-A701E8593EC7} = {ECA54CA6-E3DA-41D2-BF75-463C75857283}
		{6599F307-B146-43B2-ADF7-E6CD7B89146C} = {ECA54CA6-E3DA-41D2-BF75-463C75857283}
		{862EA4E5-586C-4640-B9A1-CFE051318775} = {ECA54CA6-E3DA-41D2-BF75-463C75857283}
		{F7970CD4-D898-404B-8E06-66DBB27B040F} = {ECA54CA6-E3DA-41D2-BF75-463C75857283}
		{F6EAA82B-7C87-4752-BEF0-E03A77871F85} = {ECA54CA6-E3DA-41D2-BF75-463C75857283}
	EndGlobalSection
	GlobalSection(ExtensibilityGlobals) = postSolution
		SolutionGuid = {6781FC08-D742-46E1-84C8-FE029C8EB49F}
	EndGlobalSection
EndGlobal
